// !$*UTF8*$!
{
	archiveVersion = 1;
	classes = {
	};
	objectVersion = 56;
	objects = {

/* Begin PBXBuildFile section */
		0540F83BEB096543D2084041 /* Pods_FanNoise.framework in Frameworks */ = {isa = PBXBuildFile; fileRef = DB40C219C19C92489D6358C5 /* Pods_FanNoise.framework */; };
		71A560BF2DA8F812007E8BE3 /* AppDelegate.swift in Sources */ = {isa = PBXBuildFile; fileRef = 71A560BE2DA8F812007E8BE3 /* AppDelegate.swift */; };
		71A560C32DA8F812007E8BE3 /* ViewController.swift in Sources */ = {isa = PBXBuildFile; fileRef = 71A560C22DA8F812007E8BE3 /* ViewController.swift */; };
		71A560C82DA8F813007E8BE3 /* Assets.xcassets in Resources */ = {isa = PBXBuildFile; fileRef = 71A560C72DA8F813007E8BE3 /* Assets.xcassets */; };
		71A560CB2DA8F813007E8BE3 /* LaunchScreen.storyboard in Resources */ = {isa = PBXBuildFile; fileRef = 71A560C92DA8F813007E8BE3 /* LaunchScreen.storyboard */; };
		71A560D42DA8FA5E007E8BE3 /* GoogleService-Info.plist in Resources */ = {isa = PBXBuildFile; fileRef = 71A560D32DA8FA5E007E8BE3 /* GoogleService-Info.plist */; };
		71A560DA2DA8FE47007E8BE3 /* Config.swift in Sources */ = {isa = PBXBuildFile; fileRef = 71A560D92DA8FE47007E8BE3 /* Config.swift */; };
		71A560DD2DA8FE69007E8BE3 /* API.swift in Sources */ = {isa = PBXBuildFile; fileRef = 71A560DC2DA8FE69007E8BE3 /* API.swift */; };
		71A5612D2DA8FE8D007E8BE3 /* Utils.swift in Sources */ = {isa = PBXBuildFile; fileRef = 71A560E02DA8FE88007E8BE3 /* Utils.swift */; };
		71A5612E2DA8FE8D007E8BE3 /* APIError.swift in Sources */ = {isa = PBXBuildFile; fileRef = 71A560E22DA8FE89007E8BE3 /* APIError.swift */; };
		71A5612F2DA8FE8D007E8BE3 /* Logging.swift in Sources */ = {isa = PBXBuildFile; fileRef = 71A560E42DA8FE89007E8BE3 /* Logging.swift */; };
		71A561302DA8FE8D007E8BE3 /* CrashlyticsLogEngine.swift in Sources */ = {isa = PBXBuildFile; fileRef = 71A560E52DA8FE89007E8BE3 /* CrashlyticsLogEngine.swift */; };
		71A561312DA8FE8D007E8BE3 /* ConsoleLogEngine.swift in Sources */ = {isa = PBXBuildFile; fileRef = 71A560E62DA8FE89007E8BE3 /* ConsoleLogEngine.swift */; };
		71A561322DA8FE8D007E8BE3 /* MonitorNetwork.swift in Sources */ = {isa = PBXBuildFile; fileRef = 71A560E82DA8FE8A007E8BE3 /* MonitorNetwork.swift */; };
		71A561362DA8FE8D007E8BE3 /* RealmManager.swift in Sources */ = {isa = PBXBuildFile; fileRef = 71A560ED2DA8FE8B007E8BE3 /* RealmManager.swift */; };
		71A561382DA8FE8D007E8BE3 /* RealmDao.swift in Sources */ = {isa = PBXBuildFile; fileRef = 71A560EF2DA8FE8B007E8BE3 /* RealmDao.swift */; };
		71A5613B2DA8FE8D007E8BE3 /* VideoPlaySession.swift in Sources */ = {isa = PBXBuildFile; fileRef = 71A560F32DA8FE8B007E8BE3 /* VideoPlaySession.swift */; };
		71A5613C2DA8FE8D007E8BE3 /* Validator.swift in Sources */ = {isa = PBXBuildFile; fileRef = 71A560F42DA8FE8B007E8BE3 /* Validator.swift */; };
		71A5613E2DA8FE8D007E8BE3 /* PreviewCameraView.swift in Sources */ = {isa = PBXBuildFile; fileRef = 71A560F62DA8FE8B007E8BE3 /* PreviewCameraView.swift */; };
		71A561422DA8FE8D007E8BE3 /* BezierPathExtensions.swift in Sources */ = {isa = PBXBuildFile; fileRef = 71A560FB2DA8FE8C007E8BE3 /* BezierPathExtensions.swift */; };
		71A561432DA8FE8D007E8BE3 /* ArrayExtensions.swift in Sources */ = {isa = PBXBuildFile; fileRef = 71A560FC2DA8FE8C007E8BE3 /* ArrayExtensions.swift */; };
		71A561442DA8FE8D007E8BE3 /* CLPlacemarkExtensions.swift in Sources */ = {isa = PBXBuildFile; fileRef = 71A560FD2DA8FE8C007E8BE3 /* CLPlacemarkExtensions.swift */; };
		71A561452DA8FE8D007E8BE3 /* NotificationName.swift in Sources */ = {isa = PBXBuildFile; fileRef = 71A560FE2DA8FE8C007E8BE3 /* NotificationName.swift */; };
		71A561462DA8FE8D007E8BE3 /* AVAssetExtension.swift in Sources */ = {isa = PBXBuildFile; fileRef = 71A560FF2DA8FE8C007E8BE3 /* AVAssetExtension.swift */; };
		71A561472DA8FE8D007E8BE3 /* AVAudioFileExtensions.swift in Sources */ = {isa = PBXBuildFile; fileRef = 71A561002DA8FE8C007E8BE3 /* AVAudioFileExtensions.swift */; };
		71A561482DA8FE8D007E8BE3 /* FloatExtensions.swift in Sources */ = {isa = PBXBuildFile; fileRef = 71A561012DA8FE8C007E8BE3 /* FloatExtensions.swift */; };
		71A561492DA8FE8D007E8BE3 /* AVMutableCompositionExtensions.swift in Sources */ = {isa = PBXBuildFile; fileRef = 71A561022DA8FE8C007E8BE3 /* AVMutableCompositionExtensions.swift */; };
		71A5614A2DA8FE8D007E8BE3 /* FontExtensions.swift in Sources */ = {isa = PBXBuildFile; fileRef = 71A561032DA8FE8C007E8BE3 /* FontExtensions.swift */; };
		71A5614B2DA8FE8D007E8BE3 /* CIImageExtensions.swift in Sources */ = {isa = PBXBuildFile; fileRef = 71A561042DA8FE8C007E8BE3 /* CIImageExtensions.swift */; };
		71A5614C2DA8FE8D007E8BE3 /* AVAudioPlayerNodeExtensions.swift in Sources */ = {isa = PBXBuildFile; fileRef = 71A561052DA8FE8C007E8BE3 /* AVAudioPlayerNodeExtensions.swift */; };
		71A5614D2DA8FE8D007E8BE3 /* StringExtensions.swift in Sources */ = {isa = PBXBuildFile; fileRef = 71A561062DA8FE8C007E8BE3 /* StringExtensions.swift */; };
		71A5614E2DA8FE8D007E8BE3 /* PHAssetExtension.swift in Sources */ = {isa = PBXBuildFile; fileRef = 71A561072DA8FE8C007E8BE3 /* PHAssetExtension.swift */; };
		71A5614F2DA8FE8D007E8BE3 /* TimeIntervalExtensions.swift in Sources */ = {isa = PBXBuildFile; fileRef = 71A561082DA8FE8C007E8BE3 /* TimeIntervalExtensions.swift */; };
		71A561502DA8FE8D007E8BE3 /* URLRequestExtensions.swift in Sources */ = {isa = PBXBuildFile; fileRef = 71A561092DA8FE8C007E8BE3 /* URLRequestExtensions.swift */; };
		71A561512DA8FE8D007E8BE3 /* ColorExtensions.swift in Sources */ = {isa = PBXBuildFile; fileRef = 71A5610A2DA8FE8C007E8BE3 /* ColorExtensions.swift */; };
		71A561522DA8FE8D007E8BE3 /* FileManagerExtensions.swift in Sources */ = {isa = PBXBuildFile; fileRef = 71A5610B2DA8FE8C007E8BE3 /* FileManagerExtensions.swift */; };
		71A561532DA8FE8D007E8BE3 /* CGImagePropertyOrientationExtension.swift in Sources */ = {isa = PBXBuildFile; fileRef = 71A5610C2DA8FE8C007E8BE3 /* CGImagePropertyOrientationExtension.swift */; };
		71A561542DA8FE8D007E8BE3 /* TableViewExtensions.swift in Sources */ = {isa = PBXBuildFile; fileRef = 71A5610D2DA8FE8C007E8BE3 /* TableViewExtensions.swift */; };
		71A561552DA8FE8D007E8BE3 /* AVPlayerExtension.swift in Sources */ = {isa = PBXBuildFile; fileRef = 71A5610E2DA8FE8C007E8BE3 /* AVPlayerExtension.swift */; };
		71A561562DA8FE8D007E8BE3 /* URLExtensions.swift in Sources */ = {isa = PBXBuildFile; fileRef = 71A5610F2DA8FE8C007E8BE3 /* URLExtensions.swift */; };
		71A561572DA8FE8D007E8BE3 /* UIViewControllerExtensions.swift in Sources */ = {isa = PBXBuildFile; fileRef = 71A561102DA8FE8C007E8BE3 /* UIViewControllerExtensions.swift */; };
		71A561582DA8FE8D007E8BE3 /* UIImageExtensions.swift in Sources */ = {isa = PBXBuildFile; fileRef = 71A561112DA8FE8C007E8BE3 /* UIImageExtensions.swift */; };
		71A561592DA8FE8D007E8BE3 /* UIViewExtensions.swift in Sources */ = {isa = PBXBuildFile; fileRef = 71A561122DA8FE8C007E8BE3 /* UIViewExtensions.swift */; };
		71A5615A2DA8FE8D007E8BE3 /* IntExtensions.swift in Sources */ = {isa = PBXBuildFile; fileRef = 71A561132DA8FE8C007E8BE3 /* IntExtensions.swift */; };
		71A5615B2DA8FE8D007E8BE3 /* DateExtensions.swift in Sources */ = {isa = PBXBuildFile; fileRef = 71A561142DA8FE8C007E8BE3 /* DateExtensions.swift */; };
		71A5615C2DA8FE8D007E8BE3 /* String+Mime.swift in Sources */ = {isa = PBXBuildFile; fileRef = 71A561152DA8FE8C007E8BE3 /* String+Mime.swift */; };
		71A5615D2DA8FE8D007E8BE3 /* DictionaryExtension.swift in Sources */ = {isa = PBXBuildFile; fileRef = 71A561162DA8FE8C007E8BE3 /* DictionaryExtension.swift */; };
		71A5615E2DA8FE8D007E8BE3 /* NSMutableData.swift in Sources */ = {isa = PBXBuildFile; fileRef = 71A561172DA8FE8C007E8BE3 /* NSMutableData.swift */; };
		71A5615F2DA8FE8D007E8BE3 /* UIImageViewExtensions.swift in Sources */ = {isa = PBXBuildFile; fileRef = 71A561182DA8FE8C007E8BE3 /* UIImageViewExtensions.swift */; };
		71A561602DA8FE8D007E8BE3 /* CollectionViewExtensions.swift in Sources */ = {isa = PBXBuildFile; fileRef = 71A561192DA8FE8C007E8BE3 /* CollectionViewExtensions.swift */; };
		71A561612DA8FE8D007E8BE3 /* CalendarExtensions.swift in Sources */ = {isa = PBXBuildFile; fileRef = 71A5611A2DA8FE8C007E8BE3 /* CalendarExtensions.swift */; };
		71A561652DA8FE8D007E8BE3 /* ExtendedInteractionView.swift in Sources */ = {isa = PBXBuildFile; fileRef = 71A561202DA8FE8D007E8BE3 /* ExtendedInteractionView.swift */; };
		71A5616A2DA8FE8D007E8BE3 /* DimableView.swift in Sources */ = {isa = PBXBuildFile; fileRef = 71A561262DA8FE8D007E8BE3 /* DimableView.swift */; };
		71A5616C2DA8FE8D007E8BE3 /* OverlayWindow.swift in Sources */ = {isa = PBXBuildFile; fileRef = 71A561282DA8FE8D007E8BE3 /* OverlayWindow.swift */; };
		71A5616F2DA8FE8D007E8BE3 /* HightlightableButton.swift in Sources */ = {isa = PBXBuildFile; fileRef = 71A5612B2DA8FE8D007E8BE3 /* HightlightableButton.swift */; };
		71A561702DA8FE8D007E8BE3 /* TriangleView.swift in Sources */ = {isa = PBXBuildFile; fileRef = 71A5612C2DA8FE8D007E8BE3 /* TriangleView.swift */; };
		71A5617C2DA8FF09007E8BE3 /* MPLUS2-Bold.ttf in Resources */ = {isa = PBXBuildFile; fileRef = 71A561732DA8FF09007E8BE3 /* MPLUS2-Bold.ttf */; };
		71A5617D2DA8FF09007E8BE3 /* MPLUS2-Thin.ttf in Resources */ = {isa = PBXBuildFile; fileRef = 71A561742DA8FF09007E8BE3 /* MPLUS2-Thin.ttf */; };
		71A5617E2DA8FF09007E8BE3 /* MPLUS2-ExtraBold.ttf in Resources */ = {isa = PBXBuildFile; fileRef = 71A561752DA8FF09007E8BE3 /* MPLUS2-ExtraBold.ttf */; };
		71A5617F2DA8FF09007E8BE3 /* MPLUS2-Regular.ttf in Resources */ = {isa = PBXBuildFile; fileRef = 71A561762DA8FF09007E8BE3 /* MPLUS2-Regular.ttf */; };
		71A561802DA8FF09007E8BE3 /* MPLUS2-Light.ttf in Resources */ = {isa = PBXBuildFile; fileRef = 71A561772DA8FF09007E8BE3 /* MPLUS2-Light.ttf */; };
		71A561812DA8FF09007E8BE3 /* MPLUS2-SemiBold.ttf in Resources */ = {isa = PBXBuildFile; fileRef = 71A561782DA8FF09007E8BE3 /* MPLUS2-SemiBold.ttf */; };
		71A561822DA8FF09007E8BE3 /* MPLUS2-Black.ttf in Resources */ = {isa = PBXBuildFile; fileRef = 71A561792DA8FF09007E8BE3 /* MPLUS2-Black.ttf */; };
		71A561832DA8FF09007E8BE3 /* MPLUS2-ExtraLight.ttf in Resources */ = {isa = PBXBuildFile; fileRef = 71A5617A2DA8FF09007E8BE3 /* MPLUS2-ExtraLight.ttf */; };
		71A561842DA8FF09007E8BE3 /* MPLUS2-Medium.ttf in Resources */ = {isa = PBXBuildFile; fileRef = 71A5617B2DA8FF09007E8BE3 /* MPLUS2-Medium.ttf */; };
		71A5618A2DA8FF24007E8BE3 /* DaoRegisterer.swift in Sources */ = {isa = PBXBuildFile; fileRef = 71A561872DA8FF24007E8BE3 /* DaoRegisterer.swift */; };
		71A5618B2DA8FF24007E8BE3 /* DIContainer.swift in Sources */ = {isa = PBXBuildFile; fileRef = 71A561882DA8FF24007E8BE3 /* DIContainer.swift */; };
		71A5618C2DA8FF24007E8BE3 /* PresenterRegisterer.swift in Sources */ = {isa = PBXBuildFile; fileRef = 71A561892DA8FF24007E8BE3 /* PresenterRegisterer.swift */; };
		71A561932DA8FFB9007E8BE3 /* BaseVC.swift in Sources */ = {isa = PBXBuildFile; fileRef = 71A5618E2DA8FFB9007E8BE3 /* BaseVC.swift */; };
		71A561942DA8FFB9007E8BE3 /* BasePresenter.swift in Sources */ = {isa = PBXBuildFile; fileRef = 71A5618F2DA8FFB9007E8BE3 /* BasePresenter.swift */; };
		71A561952DA8FFB9007E8BE3 /* BaseNavigationController.swift in Sources */ = {isa = PBXBuildFile; fileRef = 71A561902DA8FFB9007E8BE3 /* BaseNavigationController.swift */; };
		71A561962DA8FFB9007E8BE3 /* BaseView.swift in Sources */ = {isa = PBXBuildFile; fileRef = 71A561912DA8FFB9007E8BE3 /* BaseView.swift */; };
		71A561972DA8FFB9007E8BE3 /* Coordinator.swift in Sources */ = {isa = PBXBuildFile; fileRef = 71A561922DA8FFB9007E8BE3 /* Coordinator.swift */; };
		844AB8F62DBB660000A82556 /* PreviewVideoVC.swift in Sources */ = {isa = PBXBuildFile; fileRef = 844AB8F32DBB660000A82556 /* PreviewVideoVC.swift */; };
		844AB8F72DBB660000A82556 /* PreviewVideoCoordinator.swift in Sources */ = {isa = PBXBuildFile; fileRef = 844AB8F12DBB660000A82556 /* PreviewVideoCoordinator.swift */; };
		844AB8F82DBB660000A82556 /* PreviewVideoPresenter.swift in Sources */ = {isa = PBXBuildFile; fileRef = 844AB8F22DBB660000A82556 /* PreviewVideoPresenter.swift */; };
		844AB8F92DBB660000A82556 /* PreviewVideoView.swift in Sources */ = {isa = PBXBuildFile; fileRef = 844AB8F52DBB660000A82556 /* PreviewVideoView.swift */; };
		844AB8FA2DBB660000A82556 /* PreviewVideoVC.xib in Resources */ = {isa = PBXBuildFile; fileRef = 844AB8F42DBB660000A82556 /* PreviewVideoVC.xib */; };
		844AB8FE2DBB675500A82556 /* ItemVideoCell.swift in Sources */ = {isa = PBXBuildFile; fileRef = 844AB8FC2DBB675500A82556 /* ItemVideoCell.swift */; };
		844AB8FF2DBB675500A82556 /* ItemVideoCell.xib in Resources */ = {isa = PBXBuildFile; fileRef = 844AB8FD2DBB675500A82556 /* ItemVideoCell.xib */; };
		844AB9012DBB6A8E00A82556 /* HomeCategoryManager.swift in Sources */ = {isa = PBXBuildFile; fileRef = 844AB9002DBB6A6F00A82556 /* HomeCategoryManager.swift */; };
		849FCAC02DBF26680006817F /* TopicSuggestVideoCell.xib in Resources */ = {isa = PBXBuildFile; fileRef = 849FCABF2DBF26680006817F /* TopicSuggestVideoCell.xib */; };
		849FCAC12DBF26680006817F /* TopicSuggestVideoCell.swift in Sources */ = {isa = PBXBuildFile; fileRef = 849FCABE2DBF26680006817F /* TopicSuggestVideoCell.swift */; };
		84A847252DC0B452007B1950 /* SetTimmerDialogVC.swift in Sources */ = {isa = PBXBuildFile; fileRef = 84A847232DC0B452007B1950 /* SetTimmerDialogVC.swift */; };
		84A847262DC0B452007B1950 /* SetTimmerDialogVC.xib in Resources */ = {isa = PBXBuildFile; fileRef = 84A847242DC0B452007B1950 /* SetTimmerDialogVC.xib */; };
		84D4F74B2DBF2B2D00328766 /* ItemTopicCell.xib in Resources */ = {isa = PBXBuildFile; fileRef = 84D4F74A2DBF2B2D00328766 /* ItemTopicCell.xib */; };
		84D4F74C2DBF2B2D00328766 /* ItemTopicCell.swift in Sources */ = {isa = PBXBuildFile; fileRef = 84D4F7492DBF2B2D00328766 /* ItemTopicCell.swift */; };
		84DDB8B52DC99B9E00CAC590 /* LanguageManager.swift in Sources */ = {isa = PBXBuildFile; fileRef = 84DDB8B42DC99B9600CAC590 /* LanguageManager.swift */; };
		84DDB8B72DC9B00100CAC590 /* AppManager.swift in Sources */ = {isa = PBXBuildFile; fileRef = 84DDB8B62DC9AFFC00CAC590 /* AppManager.swift */; };
		84DDB8D12DC9F68E00CAC590 /* LabelExtension.swift in Sources */ = {isa = PBXBuildFile; fileRef = 84DDB8D02DC9F68400CAC590 /* LabelExtension.swift */; };
		8727B79B2DC7B8EC00F0B2CE /* ItemLikeCell.swift in Sources */ = {isa = PBXBuildFile; fileRef = 8727B7992DC7B8EC00F0B2CE /* ItemLikeCell.swift */; };
		8727B79C2DC7B8EC00F0B2CE /* ItemLikeCell.xib in Resources */ = {isa = PBXBuildFile; fileRef = 8727B79A2DC7B8EC00F0B2CE /* ItemLikeCell.xib */; };
		8727B79F2DC7B91000F0B2CE /* ItemFunnyCell.swift in Sources */ = {isa = PBXBuildFile; fileRef = 8727B79D2DC7B91000F0B2CE /* ItemFunnyCell.swift */; };
		8727B7A02DC7B91000F0B2CE /* ItemFunnyCell.xib in Resources */ = {isa = PBXBuildFile; fileRef = 8727B79E2DC7B91000F0B2CE /* ItemFunnyCell.xib */; };
		8727B7A32DC7B92100F0B2CE /* ItemOthersCell.swift in Sources */ = {isa = PBXBuildFile; fileRef = 8727B7A12DC7B92100F0B2CE /* ItemOthersCell.swift */; };
		8727B7A42DC7B92100F0B2CE /* ItemOthersCell.xib in Resources */ = {isa = PBXBuildFile; fileRef = 8727B7A22DC7B92100F0B2CE /* ItemOthersCell.xib */; };
		873366032DB757B900DFEC83 /* IntroCoordinator.swift in Sources */ = {isa = PBXBuildFile; fileRef = 873365FE2DB757B900DFEC83 /* IntroCoordinator.swift */; };
		873366042DB757B900DFEC83 /* IntroVC.xib in Resources */ = {isa = PBXBuildFile; fileRef = 873365FF2DB757B900DFEC83 /* IntroVC.xib */; };
		873366052DB757B900DFEC83 /* IntroPresenter.swift in Sources */ = {isa = PBXBuildFile; fileRef = 873366002DB757B900DFEC83 /* IntroPresenter.swift */; };
		873366062DB757B900DFEC83 /* IntroView.swift in Sources */ = {isa = PBXBuildFile; fileRef = 873366012DB757B900DFEC83 /* IntroView.swift */; };
		873366072DB757B900DFEC83 /* IntroVC.swift in Sources */ = {isa = PBXBuildFile; fileRef = 873366022DB757B900DFEC83 /* IntroVC.swift */; };
		8736A3E42DB5F2B6009A07A2 /* SplashCoordinator.swift in Sources */ = {isa = PBXBuildFile; fileRef = 8736A3DF2DB5F2B6009A07A2 /* SplashCoordinator.swift */; };
		8736A3E52DB5F2B6009A07A2 /* SplashVC.xib in Resources */ = {isa = PBXBuildFile; fileRef = 8736A3E02DB5F2B6009A07A2 /* SplashVC.xib */; };
		8736A3E62DB5F2B6009A07A2 /* SplashPresenter.swift in Sources */ = {isa = PBXBuildFile; fileRef = 8736A3E12DB5F2B6009A07A2 /* SplashPresenter.swift */; };
		8736A3E72DB5F2B6009A07A2 /* SplashView.swift in Sources */ = {isa = PBXBuildFile; fileRef = 8736A3E22DB5F2B6009A07A2 /* SplashView.swift */; };
		8736A3E82DB5F2B6009A07A2 /* SplashVC.swift in Sources */ = {isa = PBXBuildFile; fileRef = 8736A3E32DB5F2B6009A07A2 /* SplashVC.swift */; };
		8743139E2DBB67800042243C /* TabbarCoordinator.swift in Sources */ = {isa = PBXBuildFile; fileRef = 874313992DBB67800042243C /* TabbarCoordinator.swift */; };
		8743139F2DBB67800042243C /* TabbarVC.xib in Resources */ = {isa = PBXBuildFile; fileRef = 8743139A2DBB67800042243C /* TabbarVC.xib */; };
		874313A02DBB67800042243C /* TabbarPresenter.swift in Sources */ = {isa = PBXBuildFile; fileRef = 8743139B2DBB67800042243C /* TabbarPresenter.swift */; };
		874313A12DBB67800042243C /* TabbarView.swift in Sources */ = {isa = PBXBuildFile; fileRef = 8743139C2DBB67800042243C /* TabbarView.swift */; };
		874313A22DBB67800042243C /* TabbarVC.swift in Sources */ = {isa = PBXBuildFile; fileRef = 8743139D2DBB67800042243C /* TabbarVC.swift */; };
		874313B62DBB98180042243C /* HomeCoordinator.swift in Sources */ = {isa = PBXBuildFile; fileRef = 874313B12DBB98180042243C /* HomeCoordinator.swift */; };
		874313B72DBB98180042243C /* HomeVC.xib in Resources */ = {isa = PBXBuildFile; fileRef = 874313B22DBB98180042243C /* HomeVC.xib */; };
		874313B82DBB98180042243C /* HomePresenter.swift in Sources */ = {isa = PBXBuildFile; fileRef = 874313B32DBB98180042243C /* HomePresenter.swift */; };
		874313B92DBB98180042243C /* HomeView.swift in Sources */ = {isa = PBXBuildFile; fileRef = 874313B42DBB98180042243C /* HomeView.swift */; };
		874313BA2DBB98180042243C /* HomeVC.swift in Sources */ = {isa = PBXBuildFile; fileRef = 874313B52DBB98180042243C /* HomeVC.swift */; };
		874313BD2DBB98C30042243C /* CategoryCell.swift in Sources */ = {isa = PBXBuildFile; fileRef = 874313BB2DBB98C30042243C /* CategoryCell.swift */; };
		874313BE2DBB98C30042243C /* CategoryCell.xib in Resources */ = {isa = PBXBuildFile; fileRef = 874313BC2DBB98C30042243C /* CategoryCell.xib */; };
		874313F12DBCE2B20042243C /* ListItemSoundCoordinator.swift in Sources */ = {isa = PBXBuildFile; fileRef = 874313EC2DBCE2B20042243C /* ListItemSoundCoordinator.swift */; };
		874313F22DBCE2B20042243C /* ListItemSoundVC.xib in Resources */ = {isa = PBXBuildFile; fileRef = 874313ED2DBCE2B20042243C /* ListItemSoundVC.xib */; };
		874313F32DBCE2B20042243C /* ListItemSoundPresenter.swift in Sources */ = {isa = PBXBuildFile; fileRef = 874313EE2DBCE2B20042243C /* ListItemSoundPresenter.swift */; };
		874313F42DBCE2B20042243C /* ListItemSoundView.swift in Sources */ = {isa = PBXBuildFile; fileRef = 874313EF2DBCE2B20042243C /* ListItemSoundView.swift */; };
		874313F52DBCE2B20042243C /* ListItemSoundVC.swift in Sources */ = {isa = PBXBuildFile; fileRef = 874313F02DBCE2B20042243C /* ListItemSoundVC.swift */; };
		874313FC2DBF7CCE0042243C /* NaturalSoundWhiteNoiseCoordinator.swift in Sources */ = {isa = PBXBuildFile; fileRef = 874313F72DBF7CCE0042243C /* NaturalSoundWhiteNoiseCoordinator.swift */; };
		874313FD2DBF7CCE0042243C /* NaturalSoundWhiteNoiseVC.xib in Resources */ = {isa = PBXBuildFile; fileRef = 874313F82DBF7CCE0042243C /* NaturalSoundWhiteNoiseVC.xib */; };
		874313FE2DBF7CCE0042243C /* NaturalSoundWhiteNoisePresenter.swift in Sources */ = {isa = PBXBuildFile; fileRef = 874313F92DBF7CCE0042243C /* NaturalSoundWhiteNoisePresenter.swift */; };
		874313FF2DBF7CCE0042243C /* NaturalSoundWhiteNoiseView.swift in Sources */ = {isa = PBXBuildFile; fileRef = 874313FA2DBF7CCE0042243C /* NaturalSoundWhiteNoiseView.swift */; };
		874314002DBF7CCE0042243C /* NaturalSoundWhiteNoiseVC.swift in Sources */ = {isa = PBXBuildFile; fileRef = 874313FB2DBF7CCE0042243C /* NaturalSoundWhiteNoiseVC.swift */; };
		874314042DBF7D620042243C /* NaturalSoundWhiteNoiseCell.swift in Sources */ = {isa = PBXBuildFile; fileRef = 874314022DBF7D620042243C /* NaturalSoundWhiteNoiseCell.swift */; };
		874314052DBF7D620042243C /* NaturalSoundWhiteNoiseCell.xib in Resources */ = {isa = PBXBuildFile; fileRef = 874314032DBF7D620042243C /* NaturalSoundWhiteNoiseCell.xib */; };
		8753DA152DB62ABF00D412D0 /* AppFont.swift in Sources */ = {isa = PBXBuildFile; fileRef = 8753DA142DB62ABF00D412D0 /* AppFont.swift */; };
		875588232DB7833700A63106 /* gift_intro_2.gif in Resources */ = {isa = PBXBuildFile; fileRef = 875588222DB7833700A63106 /* gift_intro_2.gif */; };
		8755882A2DB797BC00A63106 /* LanguageCoordinator.swift in Sources */ = {isa = PBXBuildFile; fileRef = 875588252DB797BC00A63106 /* LanguageCoordinator.swift */; };
		8755882B2DB797BC00A63106 /* LanguageVC.xib in Resources */ = {isa = PBXBuildFile; fileRef = 875588262DB797BC00A63106 /* LanguageVC.xib */; };
		8755882C2DB797BC00A63106 /* LanguagePresenter.swift in Sources */ = {isa = PBXBuildFile; fileRef = 875588272DB797BC00A63106 /* LanguagePresenter.swift */; };
		8755882D2DB797BC00A63106 /* LanguageView.swift in Sources */ = {isa = PBXBuildFile; fileRef = 875588282DB797BC00A63106 /* LanguageView.swift */; };
		8755882E2DB797BC00A63106 /* LanguageVC.swift in Sources */ = {isa = PBXBuildFile; fileRef = 875588292DB797BC00A63106 /* LanguageVC.swift */; };
		8757BFE12DB7A06600951211 /* LanguageCell.swift in Sources */ = {isa = PBXBuildFile; fileRef = 8757BFDF2DB7A06600951211 /* LanguageCell.swift */; };
		8757BFE22DB7A06600951211 /* LanguageCell.xib in Resources */ = {isa = PBXBuildFile; fileRef = 8757BFE02DB7A06600951211 /* LanguageCell.xib */; };
		8757BFE82DB7CBEC00951211 /* Language.swift in Sources */ = {isa = PBXBuildFile; fileRef = 8757BFE72DB7CBEC00951211 /* Language.swift */; };
		8757BFF12DB9CE9E00951211 /* HomeCategory.swift in Sources */ = {isa = PBXBuildFile; fileRef = 8757BFF02DB9CE9E00951211 /* HomeCategory.swift */; };
		8757BFFE2DB9F14200951211 /* GetCategoryHome.swift in Sources */ = {isa = PBXBuildFile; fileRef = 8757BFFD2DB9F14200951211 /* GetCategoryHome.swift */; };
		8761EFC02DC4C83C00AB4F8D /* PlaySoundCoordinator.swift in Sources */ = {isa = PBXBuildFile; fileRef = 8761EFBB2DC4C83C00AB4F8D /* PlaySoundCoordinator.swift */; };
		8761EFC12DC4C83C00AB4F8D /* PlaySoundVC.xib in Resources */ = {isa = PBXBuildFile; fileRef = 8761EFBC2DC4C83C00AB4F8D /* PlaySoundVC.xib */; };
		8761EFC22DC4C83C00AB4F8D /* PlaySoundPresenter.swift in Sources */ = {isa = PBXBuildFile; fileRef = 8761EFBD2DC4C83C00AB4F8D /* PlaySoundPresenter.swift */; };
		8761EFC32DC4C83C00AB4F8D /* PlaySoundView.swift in Sources */ = {isa = PBXBuildFile; fileRef = 8761EFBE2DC4C83C00AB4F8D /* PlaySoundView.swift */; };
		8761EFC42DC4C83C00AB4F8D /* PlaySoundVC.swift in Sources */ = {isa = PBXBuildFile; fileRef = 8761EFBF2DC4C83C00AB4F8D /* PlaySoundVC.swift */; };
		8761EFCB2DC4C8EF00AB4F8D /* ListItemSoundByHashtagCoordinator.swift in Sources */ = {isa = PBXBuildFile; fileRef = 8761EFC62DC4C8EF00AB4F8D /* ListItemSoundByHashtagCoordinator.swift */; };
		8761EFCC2DC4C8EF00AB4F8D /* ListItemSoundByHashtagVC.xib in Resources */ = {isa = PBXBuildFile; fileRef = 8761EFC72DC4C8EF00AB4F8D /* ListItemSoundByHashtagVC.xib */; };
		8761EFCD2DC4C8EF00AB4F8D /* ListItemSoundByHashtagPresenter.swift in Sources */ = {isa = PBXBuildFile; fileRef = 8761EFC82DC4C8EF00AB4F8D /* ListItemSoundByHashtagPresenter.swift */; };
		8761EFCE2DC4C8EF00AB4F8D /* ListItemSoundByHashtagView.swift in Sources */ = {isa = PBXBuildFile; fileRef = 8761EFC92DC4C8EF00AB4F8D /* ListItemSoundByHashtagView.swift */; };
		8761EFCF2DC4C8EF00AB4F8D /* ListItemSoundByHashtagVC.swift in Sources */ = {isa = PBXBuildFile; fileRef = 8761EFCA2DC4C8EF00AB4F8D /* ListItemSoundByHashtagVC.swift */; };
		8761EFE32DC4CBA700AB4F8D /* ListItemSoundByHashtagCell.swift in Sources */ = {isa = PBXBuildFile; fileRef = 8761EFE12DC4CBA700AB4F8D /* ListItemSoundByHashtagCell.swift */; };
		8761EFE42DC4CBA700AB4F8D /* ListItemSoundByHashtagCell.xib in Resources */ = {isa = PBXBuildFile; fileRef = 8761EFE22DC4CBA700AB4F8D /* ListItemSoundByHashtagCell.xib */; };
		8799A0E02DCAF5AB00C4D6AE /* ItemHashtagCell.swift in Sources */ = {isa = PBXBuildFile; fileRef = 8799A0DF2DCAF5AB00C4D6AE /* ItemHashtagCell.swift */; };
		8799A0E22DCAF5B200C4D6AE /* ItemHashtagCell.xib in Resources */ = {isa = PBXBuildFile; fileRef = 8799A0E12DCAF5B200C4D6AE /* ItemHashtagCell.xib */; };
		8799A0E42DCAF5B900C4D6AE /* ItemSoundCell.swift in Sources */ = {isa = PBXBuildFile; fileRef = 8799A0E32DCAF5B900C4D6AE /* ItemSoundCell.swift */; };
		8799A0E62DCAF5C000C4D6AE /* ItemSoundCell.xib in Resources */ = {isa = PBXBuildFile; fileRef = 8799A0E52DCAF5C000C4D6AE /* ItemSoundCell.xib */; };
		8799A0E82DCAF5E400C4D6AE /* VideoCell.swift in Sources */ = {isa = PBXBuildFile; fileRef = 8799A0E72DCAF5E400C4D6AE /* VideoCell.swift */; };
		8799A0EA2DCAF5EB00C4D6AE /* VideoCell.xib in Resources */ = {isa = PBXBuildFile; fileRef = 8799A0E92DCAF5EB00C4D6AE /* VideoCell.xib */; };
/* End PBXBuildFile section */

/* Begin PBXFileReference section */
		71A560BB2DA8F812007E8BE3 /* FanNoise.app */ = {isa = PBXFileReference; explicitFileType = wrapper.application; includeInIndex = 0; path = FanNoise.app; sourceTree = BUILT_PRODUCTS_DIR; };
		71A560BE2DA8F812007E8BE3 /* AppDelegate.swift */ = {isa = PBXFileReference; lastKnownFileType = sourcecode.swift; path = AppDelegate.swift; sourceTree = "<group>"; };
		71A560C22DA8F812007E8BE3 /* ViewController.swift */ = {isa = PBXFileReference; lastKnownFileType = sourcecode.swift; path = ViewController.swift; sourceTree = "<group>"; };
		71A560C72DA8F813007E8BE3 /* Assets.xcassets */ = {isa = PBXFileReference; lastKnownFileType = folder.assetcatalog; path = Assets.xcassets; sourceTree = "<group>"; };
		71A560CA2DA8F813007E8BE3 /* Base */ = {isa = PBXFileReference; lastKnownFileType = file.storyboard; name = Base; path = Base.lproj/LaunchScreen.storyboard; sourceTree = "<group>"; };
		71A560CC2DA8F813007E8BE3 /* Info.plist */ = {isa = PBXFileReference; lastKnownFileType = text.plist.xml; path = Info.plist; sourceTree = "<group>"; };
		71A560D32DA8FA5E007E8BE3 /* GoogleService-Info.plist */ = {isa = PBXFileReference; fileEncoding = 4; lastKnownFileType = text.plist.xml; path = "GoogleService-Info.plist"; sourceTree = "<group>"; };
		71A560D92DA8FE47007E8BE3 /* Config.swift */ = {isa = PBXFileReference; fileEncoding = 4; lastKnownFileType = sourcecode.swift; path = Config.swift; sourceTree = "<group>"; };
		71A560DC2DA8FE69007E8BE3 /* API.swift */ = {isa = PBXFileReference; fileEncoding = 4; lastKnownFileType = sourcecode.swift; path = API.swift; sourceTree = "<group>"; };
		71A560E02DA8FE88007E8BE3 /* Utils.swift */ = {isa = PBXFileReference; fileEncoding = 4; lastKnownFileType = sourcecode.swift; path = Utils.swift; sourceTree = "<group>"; };
		71A560E22DA8FE89007E8BE3 /* APIError.swift */ = {isa = PBXFileReference; fileEncoding = 4; lastKnownFileType = sourcecode.swift; path = APIError.swift; sourceTree = "<group>"; };
		71A560E42DA8FE89007E8BE3 /* Logging.swift */ = {isa = PBXFileReference; fileEncoding = 4; lastKnownFileType = sourcecode.swift; path = Logging.swift; sourceTree = "<group>"; };
		71A560E52DA8FE89007E8BE3 /* CrashlyticsLogEngine.swift */ = {isa = PBXFileReference; fileEncoding = 4; lastKnownFileType = sourcecode.swift; path = CrashlyticsLogEngine.swift; sourceTree = "<group>"; };
		71A560E62DA8FE89007E8BE3 /* ConsoleLogEngine.swift */ = {isa = PBXFileReference; fileEncoding = 4; lastKnownFileType = sourcecode.swift; path = ConsoleLogEngine.swift; sourceTree = "<group>"; };
		71A560E82DA8FE8A007E8BE3 /* MonitorNetwork.swift */ = {isa = PBXFileReference; fileEncoding = 4; lastKnownFileType = sourcecode.swift; path = MonitorNetwork.swift; sourceTree = "<group>"; };
		71A560ED2DA8FE8B007E8BE3 /* RealmManager.swift */ = {isa = PBXFileReference; fileEncoding = 4; lastKnownFileType = sourcecode.swift; path = RealmManager.swift; sourceTree = "<group>"; };
		71A560EF2DA8FE8B007E8BE3 /* RealmDao.swift */ = {isa = PBXFileReference; fileEncoding = 4; lastKnownFileType = sourcecode.swift; path = RealmDao.swift; sourceTree = "<group>"; };
		71A560F32DA8FE8B007E8BE3 /* VideoPlaySession.swift */ = {isa = PBXFileReference; fileEncoding = 4; lastKnownFileType = sourcecode.swift; path = VideoPlaySession.swift; sourceTree = "<group>"; };
		71A560F42DA8FE8B007E8BE3 /* Validator.swift */ = {isa = PBXFileReference; fileEncoding = 4; lastKnownFileType = sourcecode.swift; path = Validator.swift; sourceTree = "<group>"; };
		71A560F62DA8FE8B007E8BE3 /* PreviewCameraView.swift */ = {isa = PBXFileReference; fileEncoding = 4; lastKnownFileType = sourcecode.swift; path = PreviewCameraView.swift; sourceTree = "<group>"; };
		71A560FB2DA8FE8C007E8BE3 /* BezierPathExtensions.swift */ = {isa = PBXFileReference; fileEncoding = 4; lastKnownFileType = sourcecode.swift; path = BezierPathExtensions.swift; sourceTree = "<group>"; };
		71A560FC2DA8FE8C007E8BE3 /* ArrayExtensions.swift */ = {isa = PBXFileReference; fileEncoding = 4; lastKnownFileType = sourcecode.swift; path = ArrayExtensions.swift; sourceTree = "<group>"; };
		71A560FD2DA8FE8C007E8BE3 /* CLPlacemarkExtensions.swift */ = {isa = PBXFileReference; fileEncoding = 4; lastKnownFileType = sourcecode.swift; path = CLPlacemarkExtensions.swift; sourceTree = "<group>"; };
		71A560FE2DA8FE8C007E8BE3 /* NotificationName.swift */ = {isa = PBXFileReference; fileEncoding = 4; lastKnownFileType = sourcecode.swift; path = NotificationName.swift; sourceTree = "<group>"; };
		71A560FF2DA8FE8C007E8BE3 /* AVAssetExtension.swift */ = {isa = PBXFileReference; fileEncoding = 4; lastKnownFileType = sourcecode.swift; path = AVAssetExtension.swift; sourceTree = "<group>"; };
		71A561002DA8FE8C007E8BE3 /* AVAudioFileExtensions.swift */ = {isa = PBXFileReference; fileEncoding = 4; lastKnownFileType = sourcecode.swift; path = AVAudioFileExtensions.swift; sourceTree = "<group>"; };
		71A561012DA8FE8C007E8BE3 /* FloatExtensions.swift */ = {isa = PBXFileReference; fileEncoding = 4; lastKnownFileType = sourcecode.swift; path = FloatExtensions.swift; sourceTree = "<group>"; };
		71A561022DA8FE8C007E8BE3 /* AVMutableCompositionExtensions.swift */ = {isa = PBXFileReference; fileEncoding = 4; lastKnownFileType = sourcecode.swift; path = AVMutableCompositionExtensions.swift; sourceTree = "<group>"; };
		71A561032DA8FE8C007E8BE3 /* FontExtensions.swift */ = {isa = PBXFileReference; fileEncoding = 4; lastKnownFileType = sourcecode.swift; path = FontExtensions.swift; sourceTree = "<group>"; };
		71A561042DA8FE8C007E8BE3 /* CIImageExtensions.swift */ = {isa = PBXFileReference; fileEncoding = 4; lastKnownFileType = sourcecode.swift; path = CIImageExtensions.swift; sourceTree = "<group>"; };
		71A561052DA8FE8C007E8BE3 /* AVAudioPlayerNodeExtensions.swift */ = {isa = PBXFileReference; fileEncoding = 4; lastKnownFileType = sourcecode.swift; path = AVAudioPlayerNodeExtensions.swift; sourceTree = "<group>"; };
		71A561062DA8FE8C007E8BE3 /* StringExtensions.swift */ = {isa = PBXFileReference; fileEncoding = 4; lastKnownFileType = sourcecode.swift; path = StringExtensions.swift; sourceTree = "<group>"; };
		71A561072DA8FE8C007E8BE3 /* PHAssetExtension.swift */ = {isa = PBXFileReference; fileEncoding = 4; lastKnownFileType = sourcecode.swift; path = PHAssetExtension.swift; sourceTree = "<group>"; };
		71A561082DA8FE8C007E8BE3 /* TimeIntervalExtensions.swift */ = {isa = PBXFileReference; fileEncoding = 4; lastKnownFileType = sourcecode.swift; path = TimeIntervalExtensions.swift; sourceTree = "<group>"; };
		71A561092DA8FE8C007E8BE3 /* URLRequestExtensions.swift */ = {isa = PBXFileReference; fileEncoding = 4; lastKnownFileType = sourcecode.swift; path = URLRequestExtensions.swift; sourceTree = "<group>"; };
		71A5610A2DA8FE8C007E8BE3 /* ColorExtensions.swift */ = {isa = PBXFileReference; fileEncoding = 4; lastKnownFileType = sourcecode.swift; path = ColorExtensions.swift; sourceTree = "<group>"; };
		71A5610B2DA8FE8C007E8BE3 /* FileManagerExtensions.swift */ = {isa = PBXFileReference; fileEncoding = 4; lastKnownFileType = sourcecode.swift; path = FileManagerExtensions.swift; sourceTree = "<group>"; };
		71A5610C2DA8FE8C007E8BE3 /* CGImagePropertyOrientationExtension.swift */ = {isa = PBXFileReference; fileEncoding = 4; lastKnownFileType = sourcecode.swift; path = CGImagePropertyOrientationExtension.swift; sourceTree = "<group>"; };
		71A5610D2DA8FE8C007E8BE3 /* TableViewExtensions.swift */ = {isa = PBXFileReference; fileEncoding = 4; lastKnownFileType = sourcecode.swift; path = TableViewExtensions.swift; sourceTree = "<group>"; };
		71A5610E2DA8FE8C007E8BE3 /* AVPlayerExtension.swift */ = {isa = PBXFileReference; fileEncoding = 4; lastKnownFileType = sourcecode.swift; path = AVPlayerExtension.swift; sourceTree = "<group>"; };
		71A5610F2DA8FE8C007E8BE3 /* URLExtensions.swift */ = {isa = PBXFileReference; fileEncoding = 4; lastKnownFileType = sourcecode.swift; path = URLExtensions.swift; sourceTree = "<group>"; };
		71A561102DA8FE8C007E8BE3 /* UIViewControllerExtensions.swift */ = {isa = PBXFileReference; fileEncoding = 4; lastKnownFileType = sourcecode.swift; path = UIViewControllerExtensions.swift; sourceTree = "<group>"; };
		71A561112DA8FE8C007E8BE3 /* UIImageExtensions.swift */ = {isa = PBXFileReference; fileEncoding = 4; lastKnownFileType = sourcecode.swift; path = UIImageExtensions.swift; sourceTree = "<group>"; };
		71A561122DA8FE8C007E8BE3 /* UIViewExtensions.swift */ = {isa = PBXFileReference; fileEncoding = 4; lastKnownFileType = sourcecode.swift; path = UIViewExtensions.swift; sourceTree = "<group>"; };
		71A561132DA8FE8C007E8BE3 /* IntExtensions.swift */ = {isa = PBXFileReference; fileEncoding = 4; lastKnownFileType = sourcecode.swift; path = IntExtensions.swift; sourceTree = "<group>"; };
		71A561142DA8FE8C007E8BE3 /* DateExtensions.swift */ = {isa = PBXFileReference; fileEncoding = 4; lastKnownFileType = sourcecode.swift; path = DateExtensions.swift; sourceTree = "<group>"; };
		71A561152DA8FE8C007E8BE3 /* String+Mime.swift */ = {isa = PBXFileReference; fileEncoding = 4; lastKnownFileType = sourcecode.swift; path = "String+Mime.swift"; sourceTree = "<group>"; };
		71A561162DA8FE8C007E8BE3 /* DictionaryExtension.swift */ = {isa = PBXFileReference; fileEncoding = 4; lastKnownFileType = sourcecode.swift; path = DictionaryExtension.swift; sourceTree = "<group>"; };
		71A561172DA8FE8C007E8BE3 /* NSMutableData.swift */ = {isa = PBXFileReference; fileEncoding = 4; lastKnownFileType = sourcecode.swift; path = NSMutableData.swift; sourceTree = "<group>"; };
		71A561182DA8FE8C007E8BE3 /* UIImageViewExtensions.swift */ = {isa = PBXFileReference; fileEncoding = 4; lastKnownFileType = sourcecode.swift; path = UIImageViewExtensions.swift; sourceTree = "<group>"; };
		71A561192DA8FE8C007E8BE3 /* CollectionViewExtensions.swift */ = {isa = PBXFileReference; fileEncoding = 4; lastKnownFileType = sourcecode.swift; path = CollectionViewExtensions.swift; sourceTree = "<group>"; };
		71A5611A2DA8FE8C007E8BE3 /* CalendarExtensions.swift */ = {isa = PBXFileReference; fileEncoding = 4; lastKnownFileType = sourcecode.swift; path = CalendarExtensions.swift; sourceTree = "<group>"; };
		71A561202DA8FE8D007E8BE3 /* ExtendedInteractionView.swift */ = {isa = PBXFileReference; fileEncoding = 4; lastKnownFileType = sourcecode.swift; path = ExtendedInteractionView.swift; sourceTree = "<group>"; };
		71A561262DA8FE8D007E8BE3 /* DimableView.swift */ = {isa = PBXFileReference; fileEncoding = 4; lastKnownFileType = sourcecode.swift; path = DimableView.swift; sourceTree = "<group>"; };
		71A561282DA8FE8D007E8BE3 /* OverlayWindow.swift */ = {isa = PBXFileReference; fileEncoding = 4; lastKnownFileType = sourcecode.swift; path = OverlayWindow.swift; sourceTree = "<group>"; };
		71A5612B2DA8FE8D007E8BE3 /* HightlightableButton.swift */ = {isa = PBXFileReference; fileEncoding = 4; lastKnownFileType = sourcecode.swift; path = HightlightableButton.swift; sourceTree = "<group>"; };
		71A5612C2DA8FE8D007E8BE3 /* TriangleView.swift */ = {isa = PBXFileReference; fileEncoding = 4; lastKnownFileType = sourcecode.swift; path = TriangleView.swift; sourceTree = "<group>"; };
		71A561732DA8FF09007E8BE3 /* MPLUS2-Bold.ttf */ = {isa = PBXFileReference; lastKnownFileType = file; path = "MPLUS2-Bold.ttf"; sourceTree = "<group>"; };
		71A561742DA8FF09007E8BE3 /* MPLUS2-Thin.ttf */ = {isa = PBXFileReference; lastKnownFileType = file; path = "MPLUS2-Thin.ttf"; sourceTree = "<group>"; };
		71A561752DA8FF09007E8BE3 /* MPLUS2-ExtraBold.ttf */ = {isa = PBXFileReference; lastKnownFileType = file; path = "MPLUS2-ExtraBold.ttf"; sourceTree = "<group>"; };
		71A561762DA8FF09007E8BE3 /* MPLUS2-Regular.ttf */ = {isa = PBXFileReference; lastKnownFileType = file; path = "MPLUS2-Regular.ttf"; sourceTree = "<group>"; };
		71A561772DA8FF09007E8BE3 /* MPLUS2-Light.ttf */ = {isa = PBXFileReference; lastKnownFileType = file; path = "MPLUS2-Light.ttf"; sourceTree = "<group>"; };
		71A561782DA8FF09007E8BE3 /* MPLUS2-SemiBold.ttf */ = {isa = PBXFileReference; lastKnownFileType = file; path = "MPLUS2-SemiBold.ttf"; sourceTree = "<group>"; };
		71A561792DA8FF09007E8BE3 /* MPLUS2-Black.ttf */ = {isa = PBXFileReference; lastKnownFileType = file; path = "MPLUS2-Black.ttf"; sourceTree = "<group>"; };
		71A5617A2DA8FF09007E8BE3 /* MPLUS2-ExtraLight.ttf */ = {isa = PBXFileReference; lastKnownFileType = file; path = "MPLUS2-ExtraLight.ttf"; sourceTree = "<group>"; };
		71A5617B2DA8FF09007E8BE3 /* MPLUS2-Medium.ttf */ = {isa = PBXFileReference; lastKnownFileType = file; path = "MPLUS2-Medium.ttf"; sourceTree = "<group>"; };
		71A561872DA8FF24007E8BE3 /* DaoRegisterer.swift */ = {isa = PBXFileReference; fileEncoding = 4; lastKnownFileType = sourcecode.swift; path = DaoRegisterer.swift; sourceTree = "<group>"; };
		71A561882DA8FF24007E8BE3 /* DIContainer.swift */ = {isa = PBXFileReference; fileEncoding = 4; lastKnownFileType = sourcecode.swift; path = DIContainer.swift; sourceTree = "<group>"; };
		71A561892DA8FF24007E8BE3 /* PresenterRegisterer.swift */ = {isa = PBXFileReference; fileEncoding = 4; lastKnownFileType = sourcecode.swift; path = PresenterRegisterer.swift; sourceTree = "<group>"; };
		71A5618E2DA8FFB9007E8BE3 /* BaseVC.swift */ = {isa = PBXFileReference; fileEncoding = 4; lastKnownFileType = sourcecode.swift; path = BaseVC.swift; sourceTree = "<group>"; };
		71A5618F2DA8FFB9007E8BE3 /* BasePresenter.swift */ = {isa = PBXFileReference; fileEncoding = 4; lastKnownFileType = sourcecode.swift; path = BasePresenter.swift; sourceTree = "<group>"; };
		71A561902DA8FFB9007E8BE3 /* BaseNavigationController.swift */ = {isa = PBXFileReference; fileEncoding = 4; lastKnownFileType = sourcecode.swift; path = BaseNavigationController.swift; sourceTree = "<group>"; };
		71A561912DA8FFB9007E8BE3 /* BaseView.swift */ = {isa = PBXFileReference; fileEncoding = 4; lastKnownFileType = sourcecode.swift; path = BaseView.swift; sourceTree = "<group>"; };
		71A561922DA8FFB9007E8BE3 /* Coordinator.swift */ = {isa = PBXFileReference; fileEncoding = 4; lastKnownFileType = sourcecode.swift; path = Coordinator.swift; sourceTree = "<group>"; };
		844AB8F12DBB660000A82556 /* PreviewVideoCoordinator.swift */ = {isa = PBXFileReference; lastKnownFileType = sourcecode.swift; path = PreviewVideoCoordinator.swift; sourceTree = "<group>"; };
		844AB8F22DBB660000A82556 /* PreviewVideoPresenter.swift */ = {isa = PBXFileReference; lastKnownFileType = sourcecode.swift; path = PreviewVideoPresenter.swift; sourceTree = "<group>"; };
		844AB8F32DBB660000A82556 /* PreviewVideoVC.swift */ = {isa = PBXFileReference; lastKnownFileType = sourcecode.swift; path = PreviewVideoVC.swift; sourceTree = "<group>"; };
		844AB8F42DBB660000A82556 /* PreviewVideoVC.xib */ = {isa = PBXFileReference; lastKnownFileType = file.xib; path = PreviewVideoVC.xib; sourceTree = "<group>"; };
		844AB8F52DBB660000A82556 /* PreviewVideoView.swift */ = {isa = PBXFileReference; lastKnownFileType = sourcecode.swift; path = PreviewVideoView.swift; sourceTree = "<group>"; };
		844AB8FC2DBB675500A82556 /* ItemVideoCell.swift */ = {isa = PBXFileReference; lastKnownFileType = sourcecode.swift; path = ItemVideoCell.swift; sourceTree = "<group>"; };
		844AB8FD2DBB675500A82556 /* ItemVideoCell.xib */ = {isa = PBXFileReference; lastKnownFileType = file.xib; path = ItemVideoCell.xib; sourceTree = "<group>"; };
		844AB9002DBB6A6F00A82556 /* HomeCategoryManager.swift */ = {isa = PBXFileReference; lastKnownFileType = sourcecode.swift; path = HomeCategoryManager.swift; sourceTree = "<group>"; };
		849FCABE2DBF26680006817F /* TopicSuggestVideoCell.swift */ = {isa = PBXFileReference; lastKnownFileType = sourcecode.swift; path = TopicSuggestVideoCell.swift; sourceTree = "<group>"; };
		849FCABF2DBF26680006817F /* TopicSuggestVideoCell.xib */ = {isa = PBXFileReference; lastKnownFileType = file.xib; path = TopicSuggestVideoCell.xib; sourceTree = "<group>"; };
		84A847232DC0B452007B1950 /* SetTimmerDialogVC.swift */ = {isa = PBXFileReference; lastKnownFileType = sourcecode.swift; path = SetTimmerDialogVC.swift; sourceTree = "<group>"; };
		84A847242DC0B452007B1950 /* SetTimmerDialogVC.xib */ = {isa = PBXFileReference; lastKnownFileType = file.xib; path = SetTimmerDialogVC.xib; sourceTree = "<group>"; };
		84D4F7492DBF2B2D00328766 /* ItemTopicCell.swift */ = {isa = PBXFileReference; lastKnownFileType = sourcecode.swift; path = ItemTopicCell.swift; sourceTree = "<group>"; };
		84D4F74A2DBF2B2D00328766 /* ItemTopicCell.xib */ = {isa = PBXFileReference; lastKnownFileType = file.xib; path = ItemTopicCell.xib; sourceTree = "<group>"; };
		84DDB8B42DC99B9600CAC590 /* LanguageManager.swift */ = {isa = PBXFileReference; lastKnownFileType = sourcecode.swift; path = LanguageManager.swift; sourceTree = "<group>"; };
		84DDB8B62DC9AFFC00CAC590 /* AppManager.swift */ = {isa = PBXFileReference; lastKnownFileType = sourcecode.swift; path = AppManager.swift; sourceTree = "<group>"; };
		84DDB8D02DC9F68400CAC590 /* LabelExtension.swift */ = {isa = PBXFileReference; lastKnownFileType = sourcecode.swift; path = LabelExtension.swift; sourceTree = "<group>"; };
		8727B7992DC7B8EC00F0B2CE /* ItemLikeCell.swift */ = {isa = PBXFileReference; lastKnownFileType = sourcecode.swift; path = ItemLikeCell.swift; sourceTree = "<group>"; };
		8727B79A2DC7B8EC00F0B2CE /* ItemLikeCell.xib */ = {isa = PBXFileReference; lastKnownFileType = file.xib; path = ItemLikeCell.xib; sourceTree = "<group>"; };
		8727B79D2DC7B91000F0B2CE /* ItemFunnyCell.swift */ = {isa = PBXFileReference; lastKnownFileType = sourcecode.swift; path = ItemFunnyCell.swift; sourceTree = "<group>"; };
		8727B79E2DC7B91000F0B2CE /* ItemFunnyCell.xib */ = {isa = PBXFileReference; lastKnownFileType = file.xib; path = ItemFunnyCell.xib; sourceTree = "<group>"; };
		8727B7A12DC7B92100F0B2CE /* ItemOthersCell.swift */ = {isa = PBXFileReference; lastKnownFileType = sourcecode.swift; path = ItemOthersCell.swift; sourceTree = "<group>"; };
		8727B7A22DC7B92100F0B2CE /* ItemOthersCell.xib */ = {isa = PBXFileReference; lastKnownFileType = file.xib; path = ItemOthersCell.xib; sourceTree = "<group>"; };
		873365FE2DB757B900DFEC83 /* IntroCoordinator.swift */ = {isa = PBXFileReference; lastKnownFileType = sourcecode.swift; path = IntroCoordinator.swift; sourceTree = "<group>"; };
		873365FF2DB757B900DFEC83 /* IntroVC.xib */ = {isa = PBXFileReference; lastKnownFileType = file.xib; path = IntroVC.xib; sourceTree = "<group>"; };
		873366002DB757B900DFEC83 /* IntroPresenter.swift */ = {isa = PBXFileReference; lastKnownFileType = sourcecode.swift; path = IntroPresenter.swift; sourceTree = "<group>"; };
		873366012DB757B900DFEC83 /* IntroView.swift */ = {isa = PBXFileReference; lastKnownFileType = sourcecode.swift; path = IntroView.swift; sourceTree = "<group>"; };
		873366022DB757B900DFEC83 /* IntroVC.swift */ = {isa = PBXFileReference; lastKnownFileType = sourcecode.swift; path = IntroVC.swift; sourceTree = "<group>"; };
		8736A3DF2DB5F2B6009A07A2 /* SplashCoordinator.swift */ = {isa = PBXFileReference; lastKnownFileType = sourcecode.swift; path = SplashCoordinator.swift; sourceTree = "<group>"; };
		8736A3E02DB5F2B6009A07A2 /* SplashVC.xib */ = {isa = PBXFileReference; lastKnownFileType = file.xib; path = SplashVC.xib; sourceTree = "<group>"; };
		8736A3E12DB5F2B6009A07A2 /* SplashPresenter.swift */ = {isa = PBXFileReference; lastKnownFileType = sourcecode.swift; path = SplashPresenter.swift; sourceTree = "<group>"; };
		8736A3E22DB5F2B6009A07A2 /* SplashView.swift */ = {isa = PBXFileReference; lastKnownFileType = sourcecode.swift; path = SplashView.swift; sourceTree = "<group>"; };
		8736A3E32DB5F2B6009A07A2 /* SplashVC.swift */ = {isa = PBXFileReference; lastKnownFileType = sourcecode.swift; path = SplashVC.swift; sourceTree = "<group>"; };
		874313992DBB67800042243C /* TabbarCoordinator.swift */ = {isa = PBXFileReference; lastKnownFileType = sourcecode.swift; path = TabbarCoordinator.swift; sourceTree = "<group>"; };
		8743139A2DBB67800042243C /* TabbarVC.xib */ = {isa = PBXFileReference; lastKnownFileType = file.xib; path = TabbarVC.xib; sourceTree = "<group>"; };
		8743139B2DBB67800042243C /* TabbarPresenter.swift */ = {isa = PBXFileReference; lastKnownFileType = sourcecode.swift; path = TabbarPresenter.swift; sourceTree = "<group>"; };
		8743139C2DBB67800042243C /* TabbarView.swift */ = {isa = PBXFileReference; lastKnownFileType = sourcecode.swift; path = TabbarView.swift; sourceTree = "<group>"; };
		8743139D2DBB67800042243C /* TabbarVC.swift */ = {isa = PBXFileReference; lastKnownFileType = sourcecode.swift; path = TabbarVC.swift; sourceTree = "<group>"; };
		874313B12DBB98180042243C /* HomeCoordinator.swift */ = {isa = PBXFileReference; lastKnownFileType = sourcecode.swift; path = HomeCoordinator.swift; sourceTree = "<group>"; };
		874313B22DBB98180042243C /* HomeVC.xib */ = {isa = PBXFileReference; lastKnownFileType = file.xib; path = HomeVC.xib; sourceTree = "<group>"; };
		874313B32DBB98180042243C /* HomePresenter.swift */ = {isa = PBXFileReference; lastKnownFileType = sourcecode.swift; path = HomePresenter.swift; sourceTree = "<group>"; };
		874313B42DBB98180042243C /* HomeView.swift */ = {isa = PBXFileReference; lastKnownFileType = sourcecode.swift; path = HomeView.swift; sourceTree = "<group>"; };
		874313B52DBB98180042243C /* HomeVC.swift */ = {isa = PBXFileReference; lastKnownFileType = sourcecode.swift; path = HomeVC.swift; sourceTree = "<group>"; };
		874313BB2DBB98C30042243C /* CategoryCell.swift */ = {isa = PBXFileReference; lastKnownFileType = sourcecode.swift; path = CategoryCell.swift; sourceTree = "<group>"; };
		874313BC2DBB98C30042243C /* CategoryCell.xib */ = {isa = PBXFileReference; lastKnownFileType = file.xib; path = CategoryCell.xib; sourceTree = "<group>"; };
		874313EC2DBCE2B20042243C /* ListItemSoundCoordinator.swift */ = {isa = PBXFileReference; lastKnownFileType = sourcecode.swift; path = ListItemSoundCoordinator.swift; sourceTree = "<group>"; };
		874313ED2DBCE2B20042243C /* ListItemSoundVC.xib */ = {isa = PBXFileReference; lastKnownFileType = file.xib; path = ListItemSoundVC.xib; sourceTree = "<group>"; };
		874313EE2DBCE2B20042243C /* ListItemSoundPresenter.swift */ = {isa = PBXFileReference; lastKnownFileType = sourcecode.swift; path = ListItemSoundPresenter.swift; sourceTree = "<group>"; };
		874313EF2DBCE2B20042243C /* ListItemSoundView.swift */ = {isa = PBXFileReference; lastKnownFileType = sourcecode.swift; path = ListItemSoundView.swift; sourceTree = "<group>"; };
		874313F02DBCE2B20042243C /* ListItemSoundVC.swift */ = {isa = PBXFileReference; lastKnownFileType = sourcecode.swift; path = ListItemSoundVC.swift; sourceTree = "<group>"; };
		874313F72DBF7CCE0042243C /* NaturalSoundWhiteNoiseCoordinator.swift */ = {isa = PBXFileReference; lastKnownFileType = sourcecode.swift; path = NaturalSoundWhiteNoiseCoordinator.swift; sourceTree = "<group>"; };
		874313F82DBF7CCE0042243C /* NaturalSoundWhiteNoiseVC.xib */ = {isa = PBXFileReference; lastKnownFileType = file.xib; path = NaturalSoundWhiteNoiseVC.xib; sourceTree = "<group>"; };
		874313F92DBF7CCE0042243C /* NaturalSoundWhiteNoisePresenter.swift */ = {isa = PBXFileReference; lastKnownFileType = sourcecode.swift; path = NaturalSoundWhiteNoisePresenter.swift; sourceTree = "<group>"; };
		874313FA2DBF7CCE0042243C /* NaturalSoundWhiteNoiseView.swift */ = {isa = PBXFileReference; lastKnownFileType = sourcecode.swift; path = NaturalSoundWhiteNoiseView.swift; sourceTree = "<group>"; };
		874313FB2DBF7CCE0042243C /* NaturalSoundWhiteNoiseVC.swift */ = {isa = PBXFileReference; lastKnownFileType = sourcecode.swift; path = NaturalSoundWhiteNoiseVC.swift; sourceTree = "<group>"; };
		874314022DBF7D620042243C /* NaturalSoundWhiteNoiseCell.swift */ = {isa = PBXFileReference; lastKnownFileType = sourcecode.swift; path = NaturalSoundWhiteNoiseCell.swift; sourceTree = "<group>"; };
		874314032DBF7D620042243C /* NaturalSoundWhiteNoiseCell.xib */ = {isa = PBXFileReference; lastKnownFileType = file.xib; path = NaturalSoundWhiteNoiseCell.xib; sourceTree = "<group>"; };
		8753DA142DB62ABF00D412D0 /* AppFont.swift */ = {isa = PBXFileReference; fileEncoding = 4; lastKnownFileType = sourcecode.swift; path = AppFont.swift; sourceTree = "<group>"; };
		875588222DB7833700A63106 /* gift_intro_2.gif */ = {isa = PBXFileReference; lastKnownFileType = image.gif; path = gift_intro_2.gif; sourceTree = "<group>"; };
		875588252DB797BC00A63106 /* LanguageCoordinator.swift */ = {isa = PBXFileReference; lastKnownFileType = sourcecode.swift; path = LanguageCoordinator.swift; sourceTree = "<group>"; };
		875588262DB797BC00A63106 /* LanguageVC.xib */ = {isa = PBXFileReference; lastKnownFileType = file.xib; path = LanguageVC.xib; sourceTree = "<group>"; };
		875588272DB797BC00A63106 /* LanguagePresenter.swift */ = {isa = PBXFileReference; lastKnownFileType = sourcecode.swift; path = LanguagePresenter.swift; sourceTree = "<group>"; };
		875588282DB797BC00A63106 /* LanguageView.swift */ = {isa = PBXFileReference; lastKnownFileType = sourcecode.swift; path = LanguageView.swift; sourceTree = "<group>"; };
		875588292DB797BC00A63106 /* LanguageVC.swift */ = {isa = PBXFileReference; lastKnownFileType = sourcecode.swift; path = LanguageVC.swift; sourceTree = "<group>"; };
		8757BFDF2DB7A06600951211 /* LanguageCell.swift */ = {isa = PBXFileReference; lastKnownFileType = sourcecode.swift; path = LanguageCell.swift; sourceTree = "<group>"; };
		8757BFE02DB7A06600951211 /* LanguageCell.xib */ = {isa = PBXFileReference; lastKnownFileType = file.xib; path = LanguageCell.xib; sourceTree = "<group>"; };
		8757BFE72DB7CBEC00951211 /* Language.swift */ = {isa = PBXFileReference; lastKnownFileType = sourcecode.swift; path = Language.swift; sourceTree = "<group>"; };
		8757BFF02DB9CE9E00951211 /* HomeCategory.swift */ = {isa = PBXFileReference; lastKnownFileType = sourcecode.swift; path = HomeCategory.swift; sourceTree = "<group>"; };
		8757BFFD2DB9F14200951211 /* GetCategoryHome.swift */ = {isa = PBXFileReference; lastKnownFileType = sourcecode.swift; path = GetCategoryHome.swift; sourceTree = "<group>"; };
		8761EFBB2DC4C83C00AB4F8D /* PlaySoundCoordinator.swift */ = {isa = PBXFileReference; lastKnownFileType = sourcecode.swift; path = PlaySoundCoordinator.swift; sourceTree = "<group>"; };
		8761EFBC2DC4C83C00AB4F8D /* PlaySoundVC.xib */ = {isa = PBXFileReference; lastKnownFileType = file.xib; path = PlaySoundVC.xib; sourceTree = "<group>"; };
		8761EFBD2DC4C83C00AB4F8D /* PlaySoundPresenter.swift */ = {isa = PBXFileReference; lastKnownFileType = sourcecode.swift; path = PlaySoundPresenter.swift; sourceTree = "<group>"; };
		8761EFBE2DC4C83C00AB4F8D /* PlaySoundView.swift */ = {isa = PBXFileReference; lastKnownFileType = sourcecode.swift; path = PlaySoundView.swift; sourceTree = "<group>"; };
		8761EFBF2DC4C83C00AB4F8D /* PlaySoundVC.swift */ = {isa = PBXFileReference; lastKnownFileType = sourcecode.swift; path = PlaySoundVC.swift; sourceTree = "<group>"; };
		8761EFC62DC4C8EF00AB4F8D /* ListItemSoundByHashtagCoordinator.swift */ = {isa = PBXFileReference; lastKnownFileType = sourcecode.swift; path = ListItemSoundByHashtagCoordinator.swift; sourceTree = "<group>"; };
		8761EFC72DC4C8EF00AB4F8D /* ListItemSoundByHashtagVC.xib */ = {isa = PBXFileReference; lastKnownFileType = file.xib; path = ListItemSoundByHashtagVC.xib; sourceTree = "<group>"; };
		8761EFC82DC4C8EF00AB4F8D /* ListItemSoundByHashtagPresenter.swift */ = {isa = PBXFileReference; lastKnownFileType = sourcecode.swift; path = ListItemSoundByHashtagPresenter.swift; sourceTree = "<group>"; };
		8761EFC92DC4C8EF00AB4F8D /* ListItemSoundByHashtagView.swift */ = {isa = PBXFileReference; lastKnownFileType = sourcecode.swift; path = ListItemSoundByHashtagView.swift; sourceTree = "<group>"; };
		8761EFCA2DC4C8EF00AB4F8D /* ListItemSoundByHashtagVC.swift */ = {isa = PBXFileReference; lastKnownFileType = sourcecode.swift; path = ListItemSoundByHashtagVC.swift; sourceTree = "<group>"; };
		8761EFE12DC4CBA700AB4F8D /* ListItemSoundByHashtagCell.swift */ = {isa = PBXFileReference; lastKnownFileType = sourcecode.swift; path = ListItemSoundByHashtagCell.swift; sourceTree = "<group>"; };
		8761EFE22DC4CBA700AB4F8D /* ListItemSoundByHashtagCell.xib */ = {isa = PBXFileReference; lastKnownFileType = file.xib; path = ListItemSoundByHashtagCell.xib; sourceTree = "<group>"; };
		8799A0DF2DCAF5AB00C4D6AE /* ItemHashtagCell.swift */ = {isa = PBXFileReference; fileEncoding = 4; lastKnownFileType = sourcecode.swift; path = ItemHashtagCell.swift; sourceTree = "<group>"; };
		8799A0E12DCAF5B200C4D6AE /* ItemHashtagCell.xib */ = {isa = PBXFileReference; fileEncoding = 4; lastKnownFileType = file.xib; path = ItemHashtagCell.xib; sourceTree = "<group>"; };
		8799A0E32DCAF5B900C4D6AE /* ItemSoundCell.swift */ = {isa = PBXFileReference; fileEncoding = 4; lastKnownFileType = sourcecode.swift; path = ItemSoundCell.swift; sourceTree = "<group>"; };
		8799A0E52DCAF5C000C4D6AE /* ItemSoundCell.xib */ = {isa = PBXFileReference; fileEncoding = 4; lastKnownFileType = file.xib; path = ItemSoundCell.xib; sourceTree = "<group>"; };
		8799A0E72DCAF5E400C4D6AE /* VideoCell.swift */ = {isa = PBXFileReference; fileEncoding = 4; lastKnownFileType = sourcecode.swift; path = VideoCell.swift; sourceTree = "<group>"; };
		8799A0E92DCAF5EB00C4D6AE /* VideoCell.xib */ = {isa = PBXFileReference; fileEncoding = 4; lastKnownFileType = file.xib; path = VideoCell.xib; sourceTree = "<group>"; };
		9E53ED02C5DF51B3FCC2CD77 /* Pods-FanNoise.debug.xcconfig */ = {isa = PBXFileReference; includeInIndex = 1; lastKnownFileType = text.xcconfig; name = "Pods-FanNoise.debug.xcconfig"; path = "Target Support Files/Pods-FanNoise/Pods-FanNoise.debug.xcconfig"; sourceTree = "<group>"; };
		D96D8C7C884D88669CBD62AC /* Pods-FanNoise.release.xcconfig */ = {isa = PBXFileReference; includeInIndex = 1; lastKnownFileType = text.xcconfig; name = "Pods-FanNoise.release.xcconfig"; path = "Target Support Files/Pods-FanNoise/Pods-FanNoise.release.xcconfig"; sourceTree = "<group>"; };
		DB40C219C19C92489D6358C5 /* Pods_FanNoise.framework */ = {isa = PBXFileReference; explicitFileType = wrapper.framework; includeInIndex = 0; path = Pods_FanNoise.framework; sourceTree = BUILT_PRODUCTS_DIR; };
/* End PBXFileReference section */

/* Begin PBXFrameworksBuildPhase section */
		71A560B82DA8F812007E8BE3 /* Frameworks */ = {
			isa = PBXFrameworksBuildPhase;
			buildActionMask = 2147483647;
			files = (
				0540F83BEB096543D2084041 /* Pods_FanNoise.framework in Frameworks */,
			);
			runOnlyForDeploymentPostprocessing = 0;
		};
/* End PBXFrameworksBuildPhase section */

/* Begin PBXGroup section */
		71A560B22DA8F812007E8BE3 = {
			isa = PBXGroup;
			children = (
				71A560BD2DA8F812007E8BE3 /* FanNoise */,
				71A560BC2DA8F812007E8BE3 /* Products */,
				B8D1D0B7B9715EE5E7DAB573 /* Pods */,
				C647E7AB78461405D2A04587 /* Frameworks */,
				84DDB8D82DC9FD5C00CAC590 /* Recovered References */,
			);
			sourceTree = "<group>";
		};
		71A560BC2DA8F812007E8BE3 /* Products */ = {
			isa = PBXGroup;
			children = (
				71A560BB2DA8F812007E8BE3 /* FanNoise.app */,
			);
			name = Products;
			sourceTree = "<group>";
		};
		71A560BD2DA8F812007E8BE3 /* FanNoise */ = {
			isa = PBXGroup;
			children = (
				71A560D22DA8F89F007E8BE3 /* App */,
				71A560D82DA8FE47007E8BE3 /* Config */,
				71A560DB2DA8FE60007E8BE3 /* API */,
				71A560DE2DA8FE74007E8BE3 /* Common */,
				71A561712DA8FEBA007E8BE3 /* Resource */,
				8757BFEF2DB9CE8500951211 /* Model */,
				71A561862DA8FF24007E8BE3 /* DI */,
				71A5618D2DA8FFB9007E8BE3 /* Base */,
				71A561982DA8FFC5007E8BE3 /* MVP-C */,
			);
			path = FanNoise;
			sourceTree = "<group>";
		};
		71A560D22DA8F89F007E8BE3 /* App */ = {
			isa = PBXGroup;
			children = (
				8753DA142DB62ABF00D412D0 /* AppFont.swift */,
				71A560BE2DA8F812007E8BE3 /* AppDelegate.swift */,
				71A560C22DA8F812007E8BE3 /* ViewController.swift */,
				71A560C72DA8F813007E8BE3 /* Assets.xcassets */,
				71A560C92DA8F813007E8BE3 /* LaunchScreen.storyboard */,
				71A560CC2DA8F813007E8BE3 /* Info.plist */,
				71A560D32DA8FA5E007E8BE3 /* GoogleService-Info.plist */,
			);
			path = App;
			sourceTree = "<group>";
		};
		71A560D82DA8FE47007E8BE3 /* Config */ = {
			isa = PBXGroup;
			children = (
				71A560D92DA8FE47007E8BE3 /* Config.swift */,
			);
			path = Config;
			sourceTree = "<group>";
		};
		71A560DB2DA8FE60007E8BE3 /* API */ = {
			isa = PBXGroup;
			children = (
				71A560DC2DA8FE69007E8BE3 /* API.swift */,
				8757BFFD2DB9F14200951211 /* GetCategoryHome.swift */,
			);
			path = API;
			sourceTree = "<group>";
		};
		71A560DE2DA8FE74007E8BE3 /* Common */ = {
			isa = PBXGroup;
			children = (
				71A560E12DA8FE89007E8BE3 /* Error */,
				71A560FA2DA8FE8C007E8BE3 /* Extensions */,
				71A560F02DA8FE8B007E8BE3 /* Helper */,
				71A560E32DA8FE89007E8BE3 /* Logging */,
				71A560E72DA8FE8A007E8BE3 /* Manager */,
				71A560EC2DA8FE8B007E8BE3 /* Realm */,
				71A560DF2DA8FE88007E8BE3 /* Utils */,
				71A5611B2DA8FE8D007E8BE3 /* View */,
			);
			path = Common;
			sourceTree = "<group>";
		};
		71A560DF2DA8FE88007E8BE3 /* Utils */ = {
			isa = PBXGroup;
			children = (
				71A560E02DA8FE88007E8BE3 /* Utils.swift */,
			);
			path = Utils;
			sourceTree = "<group>";
		};
		71A560E12DA8FE89007E8BE3 /* Error */ = {
			isa = PBXGroup;
			children = (
				71A560E22DA8FE89007E8BE3 /* APIError.swift */,
			);
			path = Error;
			sourceTree = "<group>";
		};
		71A560E32DA8FE89007E8BE3 /* Logging */ = {
			isa = PBXGroup;
			children = (
				71A560E42DA8FE89007E8BE3 /* Logging.swift */,
				71A560E52DA8FE89007E8BE3 /* CrashlyticsLogEngine.swift */,
				71A560E62DA8FE89007E8BE3 /* ConsoleLogEngine.swift */,
			);
			path = Logging;
			sourceTree = "<group>";
		};
		71A560E72DA8FE8A007E8BE3 /* Manager */ = {
			isa = PBXGroup;
			children = (
				84DDB8B62DC9AFFC00CAC590 /* AppManager.swift */,
				84DDB8B42DC99B9600CAC590 /* LanguageManager.swift */,
				844AB9002DBB6A6F00A82556 /* HomeCategoryManager.swift */,
				71A560E82DA8FE8A007E8BE3 /* MonitorNetwork.swift */,
			);
			path = Manager;
			sourceTree = "<group>";
		};
		71A560EC2DA8FE8B007E8BE3 /* Realm */ = {
			isa = PBXGroup;
			children = (
				71A560ED2DA8FE8B007E8BE3 /* RealmManager.swift */,
				71A560EF2DA8FE8B007E8BE3 /* RealmDao.swift */,
			);
			path = Realm;
			sourceTree = "<group>";
		};
		71A560F02DA8FE8B007E8BE3 /* Helper */ = {
			isa = PBXGroup;
			children = (
				71A560F32DA8FE8B007E8BE3 /* VideoPlaySession.swift */,
				71A560F42DA8FE8B007E8BE3 /* Validator.swift */,
				71A560F62DA8FE8B007E8BE3 /* PreviewCameraView.swift */,
			);
			path = Helper;
			sourceTree = "<group>";
		};
		71A560FA2DA8FE8C007E8BE3 /* Extensions */ = {
			isa = PBXGroup;
			children = (
				84DDB8D02DC9F68400CAC590 /* LabelExtension.swift */,
				71A560FB2DA8FE8C007E8BE3 /* BezierPathExtensions.swift */,
				71A560FC2DA8FE8C007E8BE3 /* ArrayExtensions.swift */,
				71A560FD2DA8FE8C007E8BE3 /* CLPlacemarkExtensions.swift */,
				71A560FE2DA8FE8C007E8BE3 /* NotificationName.swift */,
				71A560FF2DA8FE8C007E8BE3 /* AVAssetExtension.swift */,
				71A561002DA8FE8C007E8BE3 /* AVAudioFileExtensions.swift */,
				71A561012DA8FE8C007E8BE3 /* FloatExtensions.swift */,
				71A561022DA8FE8C007E8BE3 /* AVMutableCompositionExtensions.swift */,
				71A561032DA8FE8C007E8BE3 /* FontExtensions.swift */,
				71A561042DA8FE8C007E8BE3 /* CIImageExtensions.swift */,
				71A561052DA8FE8C007E8BE3 /* AVAudioPlayerNodeExtensions.swift */,
				71A561062DA8FE8C007E8BE3 /* StringExtensions.swift */,
				71A561072DA8FE8C007E8BE3 /* PHAssetExtension.swift */,
				71A561082DA8FE8C007E8BE3 /* TimeIntervalExtensions.swift */,
				71A561092DA8FE8C007E8BE3 /* URLRequestExtensions.swift */,
				71A5610A2DA8FE8C007E8BE3 /* ColorExtensions.swift */,
				71A5610B2DA8FE8C007E8BE3 /* FileManagerExtensions.swift */,
				71A5610C2DA8FE8C007E8BE3 /* CGImagePropertyOrientationExtension.swift */,
				71A5610D2DA8FE8C007E8BE3 /* TableViewExtensions.swift */,
				71A5610E2DA8FE8C007E8BE3 /* AVPlayerExtension.swift */,
				71A5610F2DA8FE8C007E8BE3 /* URLExtensions.swift */,
				71A561102DA8FE8C007E8BE3 /* UIViewControllerExtensions.swift */,
				71A561112DA8FE8C007E8BE3 /* UIImageExtensions.swift */,
				71A561122DA8FE8C007E8BE3 /* UIViewExtensions.swift */,
				71A561132DA8FE8C007E8BE3 /* IntExtensions.swift */,
				71A561142DA8FE8C007E8BE3 /* DateExtensions.swift */,
				71A561152DA8FE8C007E8BE3 /* String+Mime.swift */,
				71A561162DA8FE8C007E8BE3 /* DictionaryExtension.swift */,
				71A561172DA8FE8C007E8BE3 /* NSMutableData.swift */,
				71A561182DA8FE8C007E8BE3 /* UIImageViewExtensions.swift */,
				71A561192DA8FE8C007E8BE3 /* CollectionViewExtensions.swift */,
				71A5611A2DA8FE8C007E8BE3 /* CalendarExtensions.swift */,
			);
			path = Extensions;
			sourceTree = "<group>";
		};
		71A5611B2DA8FE8D007E8BE3 /* View */ = {
			isa = PBXGroup;
			children = (
				71A561202DA8FE8D007E8BE3 /* ExtendedInteractionView.swift */,
				71A561262DA8FE8D007E8BE3 /* DimableView.swift */,
				71A561282DA8FE8D007E8BE3 /* OverlayWindow.swift */,
				71A5612B2DA8FE8D007E8BE3 /* HightlightableButton.swift */,
				71A5612C2DA8FE8D007E8BE3 /* TriangleView.swift */,
			);
			path = View;
			sourceTree = "<group>";
		};
		71A561712DA8FEBA007E8BE3 /* Resource */ = {
			isa = PBXGroup;
			children = (
				84DDB8AD2DC99A9600CAC590 /* Languages */,
				875588212DB7830100A63106 /* Gift */,
				71A561852DA8FF0D007E8BE3 /* Font */,
			);
			path = Resource;
			sourceTree = "<group>";
		};
		71A561722DA8FF09007E8BE3 /* MPLUS2 */ = {
			isa = PBXGroup;
			children = (
				71A561732DA8FF09007E8BE3 /* MPLUS2-Bold.ttf */,
				71A561752DA8FF09007E8BE3 /* MPLUS2-ExtraBold.ttf */,
				71A561762DA8FF09007E8BE3 /* MPLUS2-Regular.ttf */,
				71A561742DA8FF09007E8BE3 /* MPLUS2-Thin.ttf */,
				71A561772DA8FF09007E8BE3 /* MPLUS2-Light.ttf */,
				71A561782DA8FF09007E8BE3 /* MPLUS2-SemiBold.ttf */,
				71A561792DA8FF09007E8BE3 /* MPLUS2-Black.ttf */,
				71A5617A2DA8FF09007E8BE3 /* MPLUS2-ExtraLight.ttf */,
				71A5617B2DA8FF09007E8BE3 /* MPLUS2-Medium.ttf */,
			);
			path = MPLUS2;
			sourceTree = "<group>";
		};
		71A561852DA8FF0D007E8BE3 /* Font */ = {
			isa = PBXGroup;
			children = (
				71A561722DA8FF09007E8BE3 /* MPLUS2 */,
			);
			path = Font;
			sourceTree = "<group>";
		};
		71A561862DA8FF24007E8BE3 /* DI */ = {
			isa = PBXGroup;
			children = (
				71A561872DA8FF24007E8BE3 /* DaoRegisterer.swift */,
				71A561882DA8FF24007E8BE3 /* DIContainer.swift */,
				71A561892DA8FF24007E8BE3 /* PresenterRegisterer.swift */,
			);
			path = DI;
			sourceTree = "<group>";
		};
		71A5618D2DA8FFB9007E8BE3 /* Base */ = {
			isa = PBXGroup;
			children = (
				71A5618E2DA8FFB9007E8BE3 /* BaseVC.swift */,
				71A5618F2DA8FFB9007E8BE3 /* BasePresenter.swift */,
				71A561902DA8FFB9007E8BE3 /* BaseNavigationController.swift */,
				71A561912DA8FFB9007E8BE3 /* BaseView.swift */,
				71A561922DA8FFB9007E8BE3 /* Coordinator.swift */,
			);
			path = Base;
			sourceTree = "<group>";
		};
		71A561982DA8FFC5007E8BE3 /* MVP-C */ = {
			isa = PBXGroup;
			children = (
				8761EFC52DC4C8BC00AB4F8D /* ListItemSoundByHashtag */,
				8761EFBA2DC4C82100AB4F8D /* PlaySound */,
				84A847222DC0B41A007B1950 /* SetTimerDialog */,
				874313F62DBF7C870042243C /* NaturalSoundWhiteNoise */,
				874313EB2DBCE28D0042243C /* ListItemSound */,
				874313B02DBB96E20042243C /* Home */,
				874313972DBB67650042243C /* Tabbar */,
				844AB8F02DBB65C200A82556 /* Video */,
				875588242DB7979100A63106 /* Language */,
				873365FC2DB7579500DFEC83 /* Intro */,
				8736A3DE2DB5F2A0009A07A2 /* Splash */,
			);
			path = "MVP-C";
			sourceTree = "<group>";
		};
		844AB8F02DBB65C200A82556 /* Video */ = {
			isa = PBXGroup;
			children = (
				844AB8FB2DBB671600A82556 /* Cell */,
				844AB8F12DBB660000A82556 /* PreviewVideoCoordinator.swift */,
				844AB8F22DBB660000A82556 /* PreviewVideoPresenter.swift */,
				844AB8F32DBB660000A82556 /* PreviewVideoVC.swift */,
				844AB8F42DBB660000A82556 /* PreviewVideoVC.xib */,
				844AB8F52DBB660000A82556 /* PreviewVideoView.swift */,
			);
			path = Video;
			sourceTree = "<group>";
		};
		844AB8FB2DBB671600A82556 /* Cell */ = {
			isa = PBXGroup;
			children = (
				84D4F7482DBF2AE900328766 /* TopicCell */,
				844AB8FC2DBB675500A82556 /* ItemVideoCell.swift */,
				844AB8FD2DBB675500A82556 /* ItemVideoCell.xib */,
			);
			path = Cell;
			sourceTree = "<group>";
		};
		84A847222DC0B41A007B1950 /* SetTimerDialog */ = {
			isa = PBXGroup;
			children = (
				84A847232DC0B452007B1950 /* SetTimmerDialogVC.swift */,
				84A847242DC0B452007B1950 /* SetTimmerDialogVC.xib */,
			);
			path = SetTimerDialog;
			sourceTree = "<group>";
		};
		84D4F7482DBF2AE900328766 /* TopicCell */ = {
			isa = PBXGroup;
			children = (
				849FCABE2DBF26680006817F /* TopicSuggestVideoCell.swift */,
				849FCABF2DBF26680006817F /* TopicSuggestVideoCell.xib */,
				84D4F7492DBF2B2D00328766 /* ItemTopicCell.swift */,
				84D4F74A2DBF2B2D00328766 /* ItemTopicCell.xib */,
			);
			path = TopicCell;
			sourceTree = "<group>";
		};
		84DDB8AD2DC99A9600CAC590 /* Languages */ = {
			isa = PBXGroup;
			children = (
			);
			path = Languages;
			sourceTree = "<group>";
		};
		84DDB8D82DC9FD5C00CAC590 /* Recovered References */ = {
			isa = PBXGroup;
			children = (
			);
			name = "Recovered References";
			sourceTree = "<group>";
		};
		8727B7982DC7B8C800F0B2CE /* Cell */ = {
			isa = PBXGroup;
			children = (
				8727B7992DC7B8EC00F0B2CE /* ItemLikeCell.swift */,
				8727B79A2DC7B8EC00F0B2CE /* ItemLikeCell.xib */,
				8727B79D2DC7B91000F0B2CE /* ItemFunnyCell.swift */,
				8727B79E2DC7B91000F0B2CE /* ItemFunnyCell.xib */,
				8727B7A12DC7B92100F0B2CE /* ItemOthersCell.swift */,
				8727B7A22DC7B92100F0B2CE /* ItemOthersCell.xib */,
			);
			path = Cell;
			sourceTree = "<group>";
		};
		873365FC2DB7579500DFEC83 /* Intro */ = {
			isa = PBXGroup;
			children = (
				873365FE2DB757B900DFEC83 /* IntroCoordinator.swift */,
				873365FF2DB757B900DFEC83 /* IntroVC.xib */,
				873366002DB757B900DFEC83 /* IntroPresenter.swift */,
				873366012DB757B900DFEC83 /* IntroView.swift */,
				873366022DB757B900DFEC83 /* IntroVC.swift */,
			);
			path = Intro;
			sourceTree = "<group>";
		};
		8736A3DE2DB5F2A0009A07A2 /* Splash */ = {
			isa = PBXGroup;
			children = (
				8736A3DF2DB5F2B6009A07A2 /* SplashCoordinator.swift */,
				8736A3E02DB5F2B6009A07A2 /* SplashVC.xib */,
				8736A3E12DB5F2B6009A07A2 /* SplashPresenter.swift */,
				8736A3E22DB5F2B6009A07A2 /* SplashView.swift */,
				8736A3E32DB5F2B6009A07A2 /* SplashVC.swift */,
			);
			path = Splash;
			sourceTree = "<group>";
		};
		874313972DBB67650042243C /* Tabbar */ = {
			isa = PBXGroup;
			children = (
				874313992DBB67800042243C /* TabbarCoordinator.swift */,
				8743139A2DBB67800042243C /* TabbarVC.xib */,
				8743139B2DBB67800042243C /* TabbarPresenter.swift */,
				8743139C2DBB67800042243C /* TabbarView.swift */,
				8743139D2DBB67800042243C /* TabbarVC.swift */,
			);
			path = Tabbar;
			sourceTree = "<group>";
		};
		874313B02DBB96E20042243C /* Home */ = {
			isa = PBXGroup;
			children = (
				874313BF2DBB98C80042243C /* Cell */,
				874313B22DBB98180042243C /* HomeVC.xib */,
				874313B12DBB98180042243C /* HomeCoordinator.swift */,
				874313B32DBB98180042243C /* HomePresenter.swift */,
				874313B42DBB98180042243C /* HomeView.swift */,
				874313B52DBB98180042243C /* HomeVC.swift */,
			);
			path = Home;
			sourceTree = "<group>";
		};
		874313BF2DBB98C80042243C /* Cell */ = {
			isa = PBXGroup;
			children = (
				874313BB2DBB98C30042243C /* CategoryCell.swift */,
				874313BC2DBB98C30042243C /* CategoryCell.xib */,
			);
			path = Cell;
			sourceTree = "<group>";
		};
		874313EB2DBCE28D0042243C /* ListItemSound */ = {
			isa = PBXGroup;
			children = (
				874314062DBFC9800042243C /* Cell */,
				874313EC2DBCE2B20042243C /* ListItemSoundCoordinator.swift */,
				874313ED2DBCE2B20042243C /* ListItemSoundVC.xib */,
				874313EE2DBCE2B20042243C /* ListItemSoundPresenter.swift */,
				874313EF2DBCE2B20042243C /* ListItemSoundView.swift */,
				874313F02DBCE2B20042243C /* ListItemSoundVC.swift */,
			);
			path = ListItemSound;
			sourceTree = "<group>";
		};
		874313F62DBF7C870042243C /* NaturalSoundWhiteNoise */ = {
			isa = PBXGroup;
			children = (
				874314012DBF7D3C0042243C /* Cell */,
				874313F72DBF7CCE0042243C /* NaturalSoundWhiteNoiseCoordinator.swift */,
				874313F82DBF7CCE0042243C /* NaturalSoundWhiteNoiseVC.xib */,
				874313F92DBF7CCE0042243C /* NaturalSoundWhiteNoisePresenter.swift */,
				874313FA2DBF7CCE0042243C /* NaturalSoundWhiteNoiseView.swift */,
				874313FB2DBF7CCE0042243C /* NaturalSoundWhiteNoiseVC.swift */,
			);
			path = NaturalSoundWhiteNoise;
			sourceTree = "<group>";
		};
		874314012DBF7D3C0042243C /* Cell */ = {
			isa = PBXGroup;
			children = (
				874314022DBF7D620042243C /* NaturalSoundWhiteNoiseCell.swift */,
				874314032DBF7D620042243C /* NaturalSoundWhiteNoiseCell.xib */,
			);
			path = Cell;
			sourceTree = "<group>";
		};
		874314062DBFC9800042243C /* Cell */ = {
			isa = PBXGroup;
			children = (
				8799A0E32DCAF5B900C4D6AE /* ItemSoundCell.swift */,
				8799A0E52DCAF5C000C4D6AE /* ItemSoundCell.xib */,
				8799A0E12DCAF5B200C4D6AE /* ItemHashtagCell.xib */,
				8799A0DF2DCAF5AB00C4D6AE /* ItemHashtagCell.swift */,
				8799A0E92DCAF5EB00C4D6AE /* VideoCell.xib */,
				8799A0E72DCAF5E400C4D6AE /* VideoCell.swift */,
			);
			path = Cell;
			sourceTree = "<group>";
		};
		875588212DB7830100A63106 /* Gift */ = {
			isa = PBXGroup;
			children = (
				875588222DB7833700A63106 /* gift_intro_2.gif */,
			);
			name = Gift;
			path = "Gìt";
			sourceTree = "<group>";
		};
		875588242DB7979100A63106 /* Language */ = {
			isa = PBXGroup;
			children = (
				8757BFE32DB7CBAF00951211 /* Model */,
				8757BFDE2DB7A04900951211 /* Cell */,
				875588252DB797BC00A63106 /* LanguageCoordinator.swift */,
				875588262DB797BC00A63106 /* LanguageVC.xib */,
				875588272DB797BC00A63106 /* LanguagePresenter.swift */,
				875588282DB797BC00A63106 /* LanguageView.swift */,
				875588292DB797BC00A63106 /* LanguageVC.swift */,
			);
			path = Language;
			sourceTree = "<group>";
		};
		8757BFDE2DB7A04900951211 /* Cell */ = {
			isa = PBXGroup;
			children = (
				8757BFDF2DB7A06600951211 /* LanguageCell.swift */,
				8757BFE02DB7A06600951211 /* LanguageCell.xib */,
			);
			path = Cell;
			sourceTree = "<group>";
		};
		8757BFE32DB7CBAF00951211 /* Model */ = {
			isa = PBXGroup;
			children = (
				8757BFE72DB7CBEC00951211 /* Language.swift */,
			);
			path = Model;
			sourceTree = "<group>";
		};
		8757BFEF2DB9CE8500951211 /* Model */ = {
			isa = PBXGroup;
			children = (
				8757BFF02DB9CE9E00951211 /* HomeCategory.swift */,
			);
			path = Model;
			sourceTree = "<group>";
		};
		8761EFBA2DC4C82100AB4F8D /* PlaySound */ = {
			isa = PBXGroup;
			children = (
				8727B7982DC7B8C800F0B2CE /* Cell */,
				8761EFBB2DC4C83C00AB4F8D /* PlaySoundCoordinator.swift */,
				8761EFBC2DC4C83C00AB4F8D /* PlaySoundVC.xib */,
				8761EFBD2DC4C83C00AB4F8D /* PlaySoundPresenter.swift */,
				8761EFBE2DC4C83C00AB4F8D /* PlaySoundView.swift */,
				8761EFBF2DC4C83C00AB4F8D /* PlaySoundVC.swift */,
			);
			path = PlaySound;
			sourceTree = "<group>";
		};
		8761EFC52DC4C8BC00AB4F8D /* ListItemSoundByHashtag */ = {
			isa = PBXGroup;
			children = (
				8761EFD52DC4CAF000AB4F8D /* Cell */,
				8761EFC62DC4C8EF00AB4F8D /* ListItemSoundByHashtagCoordinator.swift */,
				8761EFC72DC4C8EF00AB4F8D /* ListItemSoundByHashtagVC.xib */,
				8761EFC82DC4C8EF00AB4F8D /* ListItemSoundByHashtagPresenter.swift */,
				8761EFC92DC4C8EF00AB4F8D /* ListItemSoundByHashtagView.swift */,
				8761EFCA2DC4C8EF00AB4F8D /* ListItemSoundByHashtagVC.swift */,
			);
			path = ListItemSoundByHashtag;
			sourceTree = "<group>";
		};
		8761EFD52DC4CAF000AB4F8D /* Cell */ = {
			isa = PBXGroup;
			children = (
				8761EFE12DC4CBA700AB4F8D /* ListItemSoundByHashtagCell.swift */,
				8761EFE22DC4CBA700AB4F8D /* ListItemSoundByHashtagCell.xib */,
			);
			path = Cell;
			sourceTree = "<group>";
		};
		B8D1D0B7B9715EE5E7DAB573 /* Pods */ = {
			isa = PBXGroup;
			children = (
				9E53ED02C5DF51B3FCC2CD77 /* Pods-FanNoise.debug.xcconfig */,
				D96D8C7C884D88669CBD62AC /* Pods-FanNoise.release.xcconfig */,
			);
			path = Pods;
			sourceTree = "<group>";
		};
		C647E7AB78461405D2A04587 /* Frameworks */ = {
			isa = PBXGroup;
			children = (
				DB40C219C19C92489D6358C5 /* Pods_FanNoise.framework */,
			);
			name = Frameworks;
			sourceTree = "<group>";
		};
/* End PBXGroup section */

/* Begin PBXNativeTarget section */
		71A560BA2DA8F812007E8BE3 /* FanNoise */ = {
			isa = PBXNativeTarget;
			buildConfigurationList = 71A560CF2DA8F813007E8BE3 /* Build configuration list for PBXNativeTarget "FanNoise" */;
			buildPhases = (
				4E946F2FC5EFE2336EFEC987 /* [CP] Check Pods Manifest.lock */,
				71A560B72DA8F812007E8BE3 /* Sources */,
				71A560B82DA8F812007E8BE3 /* Frameworks */,
				71A560B92DA8F812007E8BE3 /* Resources */,
				B16B68C3A8614AC17FE229B0 /* [CP] Embed Pods Frameworks */,
				71A560D62DA8FB7B007E8BE3 /* Firebase */,
				71A560D72DA8FBA6007E8BE3 /* SwiftLint */,
			);
			buildRules = (
			);
			dependencies = (
			);
			name = FanNoise;
			productName = FanNoise;
			productReference = 71A560BB2DA8F812007E8BE3 /* FanNoise.app */;
			productType = "com.apple.product-type.application";
		};
/* End PBXNativeTarget section */

/* Begin PBXProject section */
		71A560B32DA8F812007E8BE3 /* Project object */ = {
			isa = PBXProject;
			attributes = {
				BuildIndependentTargetsInParallel = 1;
				LastSwiftUpdateCheck = 1510;
				LastUpgradeCheck = 1510;
				TargetAttributes = {
					71A560BA2DA8F812007E8BE3 = {
						CreatedOnToolsVersion = 15.1;
					};
				};
			};
			buildConfigurationList = 71A560B62DA8F812007E8BE3 /* Build configuration list for PBXProject "FanNoise" */;
			compatibilityVersion = "Xcode 14.0";
			developmentRegion = en;
			hasScannedForEncodings = 0;
			knownRegions = (
				en,
				Base,
				es,
				tr,
				"pt-BR",
				id,
				ro,
				hi,
				vi,
			);
			mainGroup = 71A560B22DA8F812007E8BE3;
			productRefGroup = 71A560BC2DA8F812007E8BE3 /* Products */;
			projectDirPath = "";
			projectRoot = "";
			targets = (
				71A560BA2DA8F812007E8BE3 /* FanNoise */,
			);
		};
/* End PBXProject section */

/* Begin PBXResourcesBuildPhase section */
		71A560B92DA8F812007E8BE3 /* Resources */ = {
			isa = PBXResourcesBuildPhase;
			buildActionMask = 2147483647;
			files = (
				71A5617F2DA8FF09007E8BE3 /* MPLUS2-Regular.ttf in Resources */,
				84D4F74B2DBF2B2D00328766 /* ItemTopicCell.xib in Resources */,
				8799A0EA2DCAF5EB00C4D6AE /* VideoCell.xib in Resources */,
				71A560CB2DA8F813007E8BE3 /* LaunchScreen.storyboard in Resources */,
				849FCAC02DBF26680006817F /* TopicSuggestVideoCell.xib in Resources */,
				71A5617E2DA8FF09007E8BE3 /* MPLUS2-ExtraBold.ttf in Resources */,
				71A560C82DA8F813007E8BE3 /* Assets.xcassets in Resources */,
				874314052DBF7D620042243C /* NaturalSoundWhiteNoiseCell.xib in Resources */,
				8799A0E62DCAF5C000C4D6AE /* ItemSoundCell.xib in Resources */,
				874313FD2DBF7CCE0042243C /* NaturalSoundWhiteNoiseVC.xib in Resources */,
				71A560D42DA8FA5E007E8BE3 /* GoogleService-Info.plist in Resources */,
				71A5617C2DA8FF09007E8BE3 /* MPLUS2-Bold.ttf in Resources */,
				71A561822DA8FF09007E8BE3 /* MPLUS2-Black.ttf in Resources */,
				844AB8FA2DBB660000A82556 /* PreviewVideoVC.xib in Resources */,
				8727B7A42DC7B92100F0B2CE /* ItemOthersCell.xib in Resources */,
				84A847262DC0B452007B1950 /* SetTimmerDialogVC.xib in Resources */,
				844AB8FF2DBB675500A82556 /* ItemVideoCell.xib in Resources */,
				844AB8FF2DBB675500A82556 /* ItemVideoCell.xib in Resources */,
				8761EFC12DC4C83C00AB4F8D /* PlaySoundVC.xib in Resources */,
				8727B7A02DC7B91000F0B2CE /* ItemFunnyCell.xib in Resources */,
				71A561832DA8FF09007E8BE3 /* MPLUS2-ExtraLight.ttf in Resources */,
				8736A3E52DB5F2B6009A07A2 /* SplashVC.xib in Resources */,
				875588232DB7833700A63106 /* gift_intro_2.gif in Resources */,
				71A561802DA8FF09007E8BE3 /* MPLUS2-Light.ttf in Resources */,
				8755882B2DB797BC00A63106 /* LanguageVC.xib in Resources */,
				8761EFCC2DC4C8EF00AB4F8D /* ListItemSoundByHashtagVC.xib in Resources */,
				71A5617D2DA8FF09007E8BE3 /* MPLUS2-Thin.ttf in Resources */,
				8761EFE42DC4CBA700AB4F8D /* ListItemSoundByHashtagCell.xib in Resources */,
				8743139F2DBB67800042243C /* TabbarVC.xib in Resources */,
				71A561842DA8FF09007E8BE3 /* MPLUS2-Medium.ttf in Resources */,
				874313BE2DBB98C30042243C /* CategoryCell.xib in Resources */,
				8757BFE22DB7A06600951211 /* LanguageCell.xib in Resources */,
				874313B72DBB98180042243C /* HomeVC.xib in Resources */,
				8799A0E22DCAF5B200C4D6AE /* ItemHashtagCell.xib in Resources */,
				8727B79C2DC7B8EC00F0B2CE /* ItemLikeCell.xib in Resources */,
				874313F22DBCE2B20042243C /* ListItemSoundVC.xib in Resources */,
				71A561812DA8FF09007E8BE3 /* MPLUS2-SemiBold.ttf in Resources */,
				873366042DB757B900DFEC83 /* IntroVC.xib in Resources */,
			);
			runOnlyForDeploymentPostprocessing = 0;
		};
/* End PBXResourcesBuildPhase section */

/* Begin PBXShellScriptBuildPhase section */
		4E946F2FC5EFE2336EFEC987 /* [CP] Check Pods Manifest.lock */ = {
			isa = PBXShellScriptBuildPhase;
			buildActionMask = 2147483647;
			files = (
			);
			inputFileListPaths = (
			);
			inputPaths = (
				"${PODS_PODFILE_DIR_PATH}/Podfile.lock",
				"${PODS_ROOT}/Manifest.lock",
			);
			name = "[CP] Check Pods Manifest.lock";
			outputFileListPaths = (
			);
			outputPaths = (
				"$(DERIVED_FILE_DIR)/Pods-FanNoise-checkManifestLockResult.txt",
			);
			runOnlyForDeploymentPostprocessing = 0;
			shellPath = /bin/sh;
			shellScript = "diff \"${PODS_PODFILE_DIR_PATH}/Podfile.lock\" \"${PODS_ROOT}/Manifest.lock\" > /dev/null\nif [ $? != 0 ] ; then\n    # print error to STDERR\n    echo \"error: The sandbox is not in sync with the Podfile.lock. Run 'pod install' or update your CocoaPods installation.\" >&2\n    exit 1\nfi\n# This output is used by Xcode 'outputs' to avoid re-running this script phase.\necho \"SUCCESS\" > \"${SCRIPT_OUTPUT_FILE_0}\"\n";
			showEnvVarsInLog = 0;
		};
		71A560D62DA8FB7B007E8BE3 /* Firebase */ = {
			isa = PBXShellScriptBuildPhase;
			buildActionMask = 2147483647;
			files = (
			);
			inputFileListPaths = (
			);
			inputPaths = (
				"${DWARF_DSYM_FOLDER_PATH}/${DWARF_DSYM_FILE_NAME}/Contents/Resources/DWARF/${TARGET_NAME}",
				"$(SRCROOT)/$(BUILT_PRODUCTS_DIR)/$(INFOPLIST_PATH)",
			);
			name = Firebase;
			outputFileListPaths = (
			);
			outputPaths = (
			);
			runOnlyForDeploymentPostprocessing = 0;
			shellPath = /bin/sh;
			shellScript = "\"${PODS_ROOT}/FirebaseCrashlytics/run\"\n";
		};
		71A560D72DA8FBA6007E8BE3 /* SwiftLint */ = {
			isa = PBXShellScriptBuildPhase;
			buildActionMask = 2147483647;
			files = (
			);
			inputFileListPaths = (
			);
			inputPaths = (
			);
			name = SwiftLint;
			outputFileListPaths = (
			);
			outputPaths = (
			);
			runOnlyForDeploymentPostprocessing = 0;
			shellPath = /bin/sh;
			shellScript = "\"${PODS_ROOT}/SwiftLint/swiftlint\" lint\n";
		};
		B16B68C3A8614AC17FE229B0 /* [CP] Embed Pods Frameworks */ = {
			isa = PBXShellScriptBuildPhase;
			buildActionMask = 2147483647;
			files = (
			);
			inputFileListPaths = (
				"${PODS_ROOT}/Target Support Files/Pods-FanNoise/Pods-FanNoise-frameworks-${CONFIGURATION}-input-files.xcfilelist",
			);
			name = "[CP] Embed Pods Frameworks";
			outputFileListPaths = (
				"${PODS_ROOT}/Target Support Files/Pods-FanNoise/Pods-FanNoise-frameworks-${CONFIGURATION}-output-files.xcfilelist",
			);
			runOnlyForDeploymentPostprocessing = 0;
			shellPath = /bin/sh;
			shellScript = "\"${PODS_ROOT}/Target Support Files/Pods-FanNoise/Pods-FanNoise-frameworks.sh\"\n";
			showEnvVarsInLog = 0;
		};
/* End PBXShellScriptBuildPhase section */

/* Begin PBXSourcesBuildPhase section */
		71A560B72DA8F812007E8BE3 /* Sources */ = {
			isa = PBXSourcesBuildPhase;
			buildActionMask = 2147483647;
			files = (
				71A5614C2DA8FE8D007E8BE3 /* AVAudioPlayerNodeExtensions.swift in Sources */,
				71A5616C2DA8FE8D007E8BE3 /* OverlayWindow.swift in Sources */,
				8727B79B2DC7B8EC00F0B2CE /* ItemLikeCell.swift in Sources */,
				8755882E2DB797BC00A63106 /* LanguageVC.swift in Sources */,
				8761EFC42DC4C83C00AB4F8D /* PlaySoundVC.swift in Sources */,
				71A561552DA8FE8D007E8BE3 /* AVPlayerExtension.swift in Sources */,
				874314002DBF7CCE0042243C /* NaturalSoundWhiteNoiseVC.swift in Sources */,
				71A561502DA8FE8D007E8BE3 /* URLRequestExtensions.swift in Sources */,
				71A561582DA8FE8D007E8BE3 /* UIImageExtensions.swift in Sources */,
				84A847252DC0B452007B1950 /* SetTimmerDialogVC.swift in Sources */,
				71A5616F2DA8FE8D007E8BE3 /* HightlightableButton.swift in Sources */,
				71A561972DA8FFB9007E8BE3 /* Coordinator.swift in Sources */,
				71A5615D2DA8FE8D007E8BE3 /* DictionaryExtension.swift in Sources */,
				71A5612D2DA8FE8D007E8BE3 /* Utils.swift in Sources */,
				874313A22DBB67800042243C /* TabbarVC.swift in Sources */,
				8761EFCD2DC4C8EF00AB4F8D /* ListItemSoundByHashtagPresenter.swift in Sources */,
				8727B79F2DC7B91000F0B2CE /* ItemFunnyCell.swift in Sources */,
				8757BFFE2DB9F14200951211 /* GetCategoryHome.swift in Sources */,
				71A561452DA8FE8D007E8BE3 /* NotificationName.swift in Sources */,
				874314042DBF7D620042243C /* NaturalSoundWhiteNoiseCell.swift in Sources */,
				71A560C32DA8F812007E8BE3 /* ViewController.swift in Sources */,
				71A561562DA8FE8D007E8BE3 /* URLExtensions.swift in Sources */,
				71A561932DA8FFB9007E8BE3 /* BaseVC.swift in Sources */,
				8761EFC32DC4C83C00AB4F8D /* PlaySoundView.swift in Sources */,
				8755882C2DB797BC00A63106 /* LanguagePresenter.swift in Sources */,
				874313F52DBCE2B20042243C /* ListItemSoundVC.swift in Sources */,
				84DDB8B52DC99B9E00CAC590 /* LanguageManager.swift in Sources */,
				84DDB8B72DC9B00100CAC590 /* AppManager.swift in Sources */,
				873366032DB757B900DFEC83 /* IntroCoordinator.swift in Sources */,
				874313FC2DBF7CCE0042243C /* NaturalSoundWhiteNoiseCoordinator.swift in Sources */,
				71A560BF2DA8F812007E8BE3 /* AppDelegate.swift in Sources */,
				8736A3E42DB5F2B6009A07A2 /* SplashCoordinator.swift in Sources */,
				71A5618A2DA8FF24007E8BE3 /* DaoRegisterer.swift in Sources */,
				8736A3E72DB5F2B6009A07A2 /* SplashView.swift in Sources */,
				71A561702DA8FE8D007E8BE3 /* TriangleView.swift in Sources */,
				873366052DB757B900DFEC83 /* IntroPresenter.swift in Sources */,
				8799A0E42DCAF5B900C4D6AE /* ItemSoundCell.swift in Sources */,
				874313FE2DBF7CCE0042243C /* NaturalSoundWhiteNoisePresenter.swift in Sources */,
				71A561612DA8FE8D007E8BE3 /* CalendarExtensions.swift in Sources */,
				71A5614E2DA8FE8D007E8BE3 /* PHAssetExtension.swift in Sources */,
				8799A0E02DCAF5AB00C4D6AE /* ItemHashtagCell.swift in Sources */,
				71A561952DA8FFB9007E8BE3 /* BaseNavigationController.swift in Sources */,
				71A5613E2DA8FE8D007E8BE3 /* PreviewCameraView.swift in Sources */,
				71A561322DA8FE8D007E8BE3 /* MonitorNetwork.swift in Sources */,
				8761EFE32DC4CBA700AB4F8D /* ListItemSoundByHashtagCell.swift in Sources */,
				71A561442DA8FE8D007E8BE3 /* CLPlacemarkExtensions.swift in Sources */,
				71A5614F2DA8FE8D007E8BE3 /* TimeIntervalExtensions.swift in Sources */,
				8753DA152DB62ABF00D412D0 /* AppFont.swift in Sources */,
				71A5615E2DA8FE8D007E8BE3 /* NSMutableData.swift in Sources */,
				8761EFCE2DC4C8EF00AB4F8D /* ListItemSoundByHashtagView.swift in Sources */,
				71A561362DA8FE8D007E8BE3 /* RealmManager.swift in Sources */,
				71A5614A2DA8FE8D007E8BE3 /* FontExtensions.swift in Sources */,
				8757BFE12DB7A06600951211 /* LanguageCell.swift in Sources */,
				874313A02DBB67800042243C /* TabbarPresenter.swift in Sources */,
				8755882D2DB797BC00A63106 /* LanguageView.swift in Sources */,
				8755882A2DB797BC00A63106 /* LanguageCoordinator.swift in Sources */,
				8736A3E82DB5F2B6009A07A2 /* SplashVC.swift in Sources */,
				71A561962DA8FFB9007E8BE3 /* BaseView.swift in Sources */,
				71A5612F2DA8FE8D007E8BE3 /* Logging.swift in Sources */,
				8761EFC02DC4C83C00AB4F8D /* PlaySoundCoordinator.swift in Sources */,
				844AB9012DBB6A8E00A82556 /* HomeCategoryManager.swift in Sources */,
				71A5613B2DA8FE8D007E8BE3 /* VideoPlaySession.swift in Sources */,
				71A560DD2DA8FE69007E8BE3 /* API.swift in Sources */,
				71A5616A2DA8FE8D007E8BE3 /* DimableView.swift in Sources */,
				844AB8FE2DBB675500A82556 /* ItemVideoCell.swift in Sources */,
				71A5613C2DA8FE8D007E8BE3 /* Validator.swift in Sources */,
				71A5614D2DA8FE8D007E8BE3 /* StringExtensions.swift in Sources */,
				873366062DB757B900DFEC83 /* IntroView.swift in Sources */,
				71A561492DA8FE8D007E8BE3 /* AVMutableCompositionExtensions.swift in Sources */,
				874313A12DBB67800042243C /* TabbarView.swift in Sources */,
				71A561512DA8FE8D007E8BE3 /* ColorExtensions.swift in Sources */,
				71A561652DA8FE8D007E8BE3 /* ExtendedInteractionView.swift in Sources */,
				71A561592DA8FE8D007E8BE3 /* UIViewExtensions.swift in Sources */,
				71A561602DA8FE8D007E8BE3 /* CollectionViewExtensions.swift in Sources */,
				71A560DA2DA8FE47007E8BE3 /* Config.swift in Sources */,
				874313B62DBB98180042243C /* HomeCoordinator.swift in Sources */,
				84D4F74C2DBF2B2D00328766 /* ItemTopicCell.swift in Sources */,
				8757BFF12DB9CE9E00951211 /* HomeCategory.swift in Sources */,
				844AB8F62DBB660000A82556 /* PreviewVideoVC.swift in Sources */,
				844AB8F72DBB660000A82556 /* PreviewVideoCoordinator.swift in Sources */,
				844AB8F82DBB660000A82556 /* PreviewVideoPresenter.swift in Sources */,
				8761EFC22DC4C83C00AB4F8D /* PlaySoundPresenter.swift in Sources */,
				844AB8F92DBB660000A82556 /* PreviewVideoView.swift in Sources */,
				84DDB8D12DC9F68E00CAC590 /* LabelExtension.swift in Sources */,
				873366072DB757B900DFEC83 /* IntroVC.swift in Sources */,
				71A5618C2DA8FF24007E8BE3 /* PresenterRegisterer.swift in Sources */,
				71A5614B2DA8FE8D007E8BE3 /* CIImageExtensions.swift in Sources */,
				8799A0E82DCAF5E400C4D6AE /* VideoCell.swift in Sources */,
				874313F42DBCE2B20042243C /* ListItemSoundView.swift in Sources */,
				71A561522DA8FE8D007E8BE3 /* FileManagerExtensions.swift in Sources */,
				874313FF2DBF7CCE0042243C /* NaturalSoundWhiteNoiseView.swift in Sources */,
				71A561572DA8FE8D007E8BE3 /* UIViewControllerExtensions.swift in Sources */,
				874313B82DBB98180042243C /* HomePresenter.swift in Sources */,
				8757BFE82DB7CBEC00951211 /* Language.swift in Sources */,
				874313BA2DBB98180042243C /* HomeVC.swift in Sources */,
				8761EFCF2DC4C8EF00AB4F8D /* ListItemSoundByHashtagVC.swift in Sources */,
				874313F12DBCE2B20042243C /* ListItemSoundCoordinator.swift in Sources */,
				71A5618B2DA8FF24007E8BE3 /* DIContainer.swift in Sources */,
				71A5615B2DA8FE8D007E8BE3 /* DateExtensions.swift in Sources */,
				71A561312DA8FE8D007E8BE3 /* ConsoleLogEngine.swift in Sources */,
				71A561542DA8FE8D007E8BE3 /* TableViewExtensions.swift in Sources */,
				71A561422DA8FE8D007E8BE3 /* BezierPathExtensions.swift in Sources */,
				8743139E2DBB67800042243C /* TabbarCoordinator.swift in Sources */,
				71A561532DA8FE8D007E8BE3 /* CGImagePropertyOrientationExtension.swift in Sources */,
				71A561482DA8FE8D007E8BE3 /* FloatExtensions.swift in Sources */,
				874313BD2DBB98C30042243C /* CategoryCell.swift in Sources */,
				874313F32DBCE2B20042243C /* ListItemSoundPresenter.swift in Sources */,
				874313B92DBB98180042243C /* HomeView.swift in Sources */,
				71A561462DA8FE8D007E8BE3 /* AVAssetExtension.swift in Sources */,
				71A561302DA8FE8D007E8BE3 /* CrashlyticsLogEngine.swift in Sources */,
				71A561382DA8FE8D007E8BE3 /* RealmDao.swift in Sources */,
				71A5615A2DA8FE8D007E8BE3 /* IntExtensions.swift in Sources */,
				8736A3E62DB5F2B6009A07A2 /* SplashPresenter.swift in Sources */,
				71A5612E2DA8FE8D007E8BE3 /* APIError.swift in Sources */,
				849FCAC12DBF26680006817F /* TopicSuggestVideoCell.swift in Sources */,
				71A561472DA8FE8D007E8BE3 /* AVAudioFileExtensions.swift in Sources */,
				8761EFCB2DC4C8EF00AB4F8D /* ListItemSoundByHashtagCoordinator.swift in Sources */,
				8727B7A32DC7B92100F0B2CE /* ItemOthersCell.swift in Sources */,
				71A561432DA8FE8D007E8BE3 /* ArrayExtensions.swift in Sources */,
				71A5615C2DA8FE8D007E8BE3 /* String+Mime.swift in Sources */,
				71A5615F2DA8FE8D007E8BE3 /* UIImageViewExtensions.swift in Sources */,
				71A561942DA8FFB9007E8BE3 /* BasePresenter.swift in Sources */,
			);
			runOnlyForDeploymentPostprocessing = 0;
		};
/* End PBXSourcesBuildPhase section */

/* Begin PBXVariantGroup section */
		71A560C92DA8F813007E8BE3 /* LaunchScreen.storyboard */ = {
			isa = PBXVariantGroup;
			children = (
				71A560CA2DA8F813007E8BE3 /* Base */,
			);
			name = LaunchScreen.storyboard;
			sourceTree = "<group>";
		};
/* End PBXVariantGroup section */

/* Begin XCBuildConfiguration section */
		71A560CD2DA8F813007E8BE3 /* Debug */ = {
			isa = XCBuildConfiguration;
			buildSettings = {
				ALWAYS_SEARCH_USER_PATHS = NO;
				ASSETCATALOG_COMPILER_GENERATE_SWIFT_ASSET_SYMBOL_EXTENSIONS = YES;
				CLANG_ANALYZER_NONNULL = YES;
				CLANG_ANALYZER_NUMBER_OBJECT_CONVERSION = YES_AGGRESSIVE;
				CLANG_CXX_LANGUAGE_STANDARD = "gnu++20";
				CLANG_ENABLE_MODULES = YES;
				CLANG_ENABLE_OBJC_ARC = YES;
				CLANG_ENABLE_OBJC_WEAK = YES;
				CLANG_WARN_BLOCK_CAPTURE_AUTORELEASING = YES;
				CLANG_WARN_BOOL_CONVERSION = YES;
				CLANG_WARN_COMMA = YES;
				CLANG_WARN_CONSTANT_CONVERSION = YES;
				CLANG_WARN_DEPRECATED_OBJC_IMPLEMENTATIONS = YES;
				CLANG_WARN_DIRECT_OBJC_ISA_USAGE = YES_ERROR;
				CLANG_WARN_DOCUMENTATION_COMMENTS = YES;
				CLANG_WARN_EMPTY_BODY = YES;
				CLANG_WARN_ENUM_CONVERSION = YES;
				CLANG_WARN_INFINITE_RECURSION = YES;
				CLANG_WARN_INT_CONVERSION = YES;
				CLANG_WARN_NON_LITERAL_NULL_CONVERSION = YES;
				CLANG_WARN_OBJC_IMPLICIT_RETAIN_SELF = YES;
				CLANG_WARN_OBJC_LITERAL_CONVERSION = YES;
				CLANG_WARN_OBJC_ROOT_CLASS = YES_ERROR;
				CLANG_WARN_QUOTED_INCLUDE_IN_FRAMEWORK_HEADER = YES;
				CLANG_WARN_RANGE_LOOP_ANALYSIS = YES;
				CLANG_WARN_STRICT_PROTOTYPES = YES;
				CLANG_WARN_SUSPICIOUS_MOVE = YES;
				CLANG_WARN_UNGUARDED_AVAILABILITY = YES_AGGRESSIVE;
				CLANG_WARN_UNREACHABLE_CODE = YES;
				CLANG_WARN__DUPLICATE_METHOD_MATCH = YES;
				COPY_PHASE_STRIP = NO;
				DEBUG_INFORMATION_FORMAT = dwarf;
				ENABLE_STRICT_OBJC_MSGSEND = YES;
				ENABLE_TESTABILITY = YES;
				ENABLE_USER_SCRIPT_SANDBOXING = YES;
				GCC_C_LANGUAGE_STANDARD = gnu17;
				GCC_DYNAMIC_NO_PIC = NO;
				GCC_NO_COMMON_BLOCKS = YES;
				GCC_OPTIMIZATION_LEVEL = 0;
				GCC_PREPROCESSOR_DEFINITIONS = (
					"DEBUG=1",
					"$(inherited)",
				);
				GCC_WARN_64_TO_32_BIT_CONVERSION = YES;
				GCC_WARN_ABOUT_RETURN_TYPE = YES_ERROR;
				GCC_WARN_UNDECLARED_SELECTOR = YES;
				GCC_WARN_UNINITIALIZED_AUTOS = YES_AGGRESSIVE;
				GCC_WARN_UNUSED_FUNCTION = YES;
				GCC_WARN_UNUSED_VARIABLE = YES;
				IPHONEOS_DEPLOYMENT_TARGET = 17.2;
				LOCALIZATION_PREFERS_STRING_CATALOGS = YES;
				MTL_ENABLE_DEBUG_INFO = INCLUDE_SOURCE;
				MTL_FAST_MATH = YES;
				ONLY_ACTIVE_ARCH = YES;
				SDKROOT = iphoneos;
				SWIFT_ACTIVE_COMPILATION_CONDITIONS = "DEBUG $(inherited)";
				SWIFT_OPTIMIZATION_LEVEL = "-Onone";
			};
			name = Debug;
		};
		71A560CE2DA8F813007E8BE3 /* Release */ = {
			isa = XCBuildConfiguration;
			buildSettings = {
				ALWAYS_SEARCH_USER_PATHS = NO;
				ASSETCATALOG_COMPILER_GENERATE_SWIFT_ASSET_SYMBOL_EXTENSIONS = YES;
				CLANG_ANALYZER_NONNULL = YES;
				CLANG_ANALYZER_NUMBER_OBJECT_CONVERSION = YES_AGGRESSIVE;
				CLANG_CXX_LANGUAGE_STANDARD = "gnu++20";
				CLANG_ENABLE_MODULES = YES;
				CLANG_ENABLE_OBJC_ARC = YES;
				CLANG_ENABLE_OBJC_WEAK = YES;
				CLANG_WARN_BLOCK_CAPTURE_AUTORELEASING = YES;
				CLANG_WARN_BOOL_CONVERSION = YES;
				CLANG_WARN_COMMA = YES;
				CLANG_WARN_CONSTANT_CONVERSION = YES;
				CLANG_WARN_DEPRECATED_OBJC_IMPLEMENTATIONS = YES;
				CLANG_WARN_DIRECT_OBJC_ISA_USAGE = YES_ERROR;
				CLANG_WARN_DOCUMENTATION_COMMENTS = YES;
				CLANG_WARN_EMPTY_BODY = YES;
				CLANG_WARN_ENUM_CONVERSION = YES;
				CLANG_WARN_INFINITE_RECURSION = YES;
				CLANG_WARN_INT_CONVERSION = YES;
				CLANG_WARN_NON_LITERAL_NULL_CONVERSION = YES;
				CLANG_WARN_OBJC_IMPLICIT_RETAIN_SELF = YES;
				CLANG_WARN_OBJC_LITERAL_CONVERSION = YES;
				CLANG_WARN_OBJC_ROOT_CLASS = YES_ERROR;
				CLANG_WARN_QUOTED_INCLUDE_IN_FRAMEWORK_HEADER = YES;
				CLANG_WARN_RANGE_LOOP_ANALYSIS = YES;
				CLANG_WARN_STRICT_PROTOTYPES = YES;
				CLANG_WARN_SUSPICIOUS_MOVE = YES;
				CLANG_WARN_UNGUARDED_AVAILABILITY = YES_AGGRESSIVE;
				CLANG_WARN_UNREACHABLE_CODE = YES;
				CLANG_WARN__DUPLICATE_METHOD_MATCH = YES;
				COPY_PHASE_STRIP = NO;
				DEBUG_INFORMATION_FORMAT = "dwarf-with-dsym";
				ENABLE_NS_ASSERTIONS = NO;
				ENABLE_STRICT_OBJC_MSGSEND = YES;
				ENABLE_USER_SCRIPT_SANDBOXING = YES;
				GCC_C_LANGUAGE_STANDARD = gnu17;
				GCC_NO_COMMON_BLOCKS = YES;
				GCC_WARN_64_TO_32_BIT_CONVERSION = YES;
				GCC_WARN_ABOUT_RETURN_TYPE = YES_ERROR;
				GCC_WARN_UNDECLARED_SELECTOR = YES;
				GCC_WARN_UNINITIALIZED_AUTOS = YES_AGGRESSIVE;
				GCC_WARN_UNUSED_FUNCTION = YES;
				GCC_WARN_UNUSED_VARIABLE = YES;
				IPHONEOS_DEPLOYMENT_TARGET = 17.2;
				LOCALIZATION_PREFERS_STRING_CATALOGS = YES;
				MTL_ENABLE_DEBUG_INFO = NO;
				MTL_FAST_MATH = YES;
				SDKROOT = iphoneos;
				SWIFT_COMPILATION_MODE = wholemodule;
				VALIDATE_PRODUCT = YES;
			};
			name = Release;
		};
		71A560D02DA8F813007E8BE3 /* Debug */ = {
			isa = XCBuildConfiguration;
			baseConfigurationReference = 9E53ED02C5DF51B3FCC2CD77 /* Pods-FanNoise.debug.xcconfig */;
			buildSettings = {
				ASSETCATALOG_COMPILER_APPICON_NAME = AppIcon;
				ASSETCATALOG_COMPILER_GLOBAL_ACCENT_COLOR_NAME = AccentColor;
				CODE_SIGN_IDENTITY = "Apple Development";
				"CODE_SIGN_IDENTITY[sdk=iphoneos*]" = "iPhone Developer";
				CODE_SIGN_STYLE = Manual;
				CURRENT_PROJECT_VERSION = 1;
				DEVELOPMENT_TEAM = "";
				"DEVELOPMENT_TEAM[sdk=iphoneos*]" = 4ND3FKVSPM;
				ENABLE_USER_SCRIPT_SANDBOXING = NO;
				GENERATE_INFOPLIST_FILE = YES;
				INFOPLIST_FILE = FanNoise/App/Info.plist;
				INFOPLIST_KEY_LSApplicationCategoryType = "";
				INFOPLIST_KEY_UIApplicationSupportsIndirectInputEvents = YES;
				INFOPLIST_KEY_UILaunchStoryboardName = LaunchScreen;
				INFOPLIST_KEY_UIRequiredDeviceCapabilities = armv7;
				INFOPLIST_KEY_UIStatusBarStyle = UIStatusBarStyleDarkContent;
				INFOPLIST_KEY_UISupportedInterfaceOrientations = UIInterfaceOrientationPortrait;
				IPHONEOS_DEPLOYMENT_TARGET = 14.0;
				LD_RUNPATH_SEARCH_PATHS = (
					"$(inherited)",
					"@executable_path/Frameworks",
				);
				MARKETING_VERSION = 1.0;
				PRODUCT_BUNDLE_IDENTIFIER = com.solar.FanNoise;
				PRODUCT_NAME = "$(TARGET_NAME)";
				PROVISIONING_PROFILE_SPECIFIER = "";
				"PROVISIONING_PROFILE_SPECIFIER[sdk=iphoneos*]" = "Solar dev";
				SWIFT_EMIT_LOC_STRINGS = YES;
				SWIFT_VERSION = 5.0;
				TARGETED_DEVICE_FAMILY = "1,2";
			};
			name = Debug;
		};
		71A560D12DA8F813007E8BE3 /* Release */ = {
			isa = XCBuildConfiguration;
			baseConfigurationReference = D96D8C7C884D88669CBD62AC /* Pods-FanNoise.release.xcconfig */;
			buildSettings = {
				ASSETCATALOG_COMPILER_APPICON_NAME = AppIcon;
				ASSETCATALOG_COMPILER_GLOBAL_ACCENT_COLOR_NAME = AccentColor;
				CODE_SIGN_IDENTITY = "Apple Development";
				"CODE_SIGN_IDENTITY[sdk=iphoneos*]" = "iPhone Developer";
				CODE_SIGN_STYLE = Manual;
				CURRENT_PROJECT_VERSION = 1;
				DEVELOPMENT_TEAM = "";
				"DEVELOPMENT_TEAM[sdk=iphoneos*]" = 4ND3FKVSPM;
				ENABLE_USER_SCRIPT_SANDBOXING = NO;
				GENERATE_INFOPLIST_FILE = YES;
				INFOPLIST_FILE = FanNoise/App/Info.plist;
				INFOPLIST_KEY_LSApplicationCategoryType = "";
				INFOPLIST_KEY_UIApplicationSupportsIndirectInputEvents = YES;
				INFOPLIST_KEY_UILaunchStoryboardName = LaunchScreen;
				INFOPLIST_KEY_UIRequiredDeviceCapabilities = armv7;
				INFOPLIST_KEY_UIStatusBarStyle = UIStatusBarStyleDarkContent;
				INFOPLIST_KEY_UISupportedInterfaceOrientations = UIInterfaceOrientationPortrait;
				IPHONEOS_DEPLOYMENT_TARGET = 14.0;
				LD_RUNPATH_SEARCH_PATHS = (
					"$(inherited)",
					"@executable_path/Frameworks",
				);
				MARKETING_VERSION = 1.0;
				PRODUCT_BUNDLE_IDENTIFIER = com.solar.FanNoise;
				PRODUCT_NAME = "$(TARGET_NAME)";
				PROVISIONING_PROFILE_SPECIFIER = "";
				"PROVISIONING_PROFILE_SPECIFIER[sdk=iphoneos*]" = "Solar dev";
				SWIFT_EMIT_LOC_STRINGS = YES;
				SWIFT_VERSION = 5.0;
				TARGETED_DEVICE_FAMILY = "1,2";
			};
			name = Release;
		};
/* End XCBuildConfiguration section */

/* Begin XCConfigurationList section */
		71A560B62DA8F812007E8BE3 /* Build configuration list for PBXProject "FanNoise" */ = {
			isa = XCConfigurationList;
			buildConfigurations = (
				71A560CD2DA8F813007E8BE3 /* Debug */,
				71A560CE2DA8F813007E8BE3 /* Release */,
			);
			defaultConfigurationIsVisible = 0;
			defaultConfigurationName = Release;
		};
		71A560CF2DA8F813007E8BE3 /* Build configuration list for PBXNativeTarget "FanNoise" */ = {
			isa = XCConfigurationList;
			buildConfigurations = (
				71A560D02DA8F813007E8BE3 /* Debug */,
				71A560D12DA8F813007E8BE3 /* Release */,
			);
			defaultConfigurationIsVisible = 0;
			defaultConfigurationName = Release;
		};
/* End XCConfigurationList section */
	};
	rootObject = 71A560B32DA8F812007E8BE3 /* Project object */;
}
